// !$*UTF8*$!
{
	archiveVersion = 1;
	classes = {
	};
	objectVersion = 51;
	objects = {

/* Begin PBXBuildFile section */
		6D3EC6DB257B62A2003247A1 /* RootRouter.swift in Sources */ = {isa = PBXBuildFile; fileRef = 6D3EC6D7257B62A2003247A1 /* RootRouter.swift */; };
		6D3EC6DC257B62A2003247A1 /* RootViewController.swift in Sources */ = {isa = PBXBuildFile; fileRef = 6D3EC6D8257B62A2003247A1 /* RootViewController.swift */; };
		6D3EC6DD257B62A2003247A1 /* RootBuilder.swift in Sources */ = {isa = PBXBuildFile; fileRef = 6D3EC6D9257B62A2003247A1 /* RootBuilder.swift */; };
		6D3EC6DE257B62A2003247A1 /* RootInteractor.swift in Sources */ = {isa = PBXBuildFile; fileRef = 6D3EC6DA257B62A2003247A1 /* RootInteractor.swift */; };
		6D3EC6EB257B6358003247A1 /* AppComponent.swift in Sources */ = {isa = PBXBuildFile; fileRef = 6D3EC6EA257B6358003247A1 /* AppComponent.swift */; };
		6D3EC6F0257B6765003247A1 /* RootComponent+LoggedOut.swift in Sources */ = {isa = PBXBuildFile; fileRef = 6D3EC6EF257B6765003247A1 /* RootComponent+LoggedOut.swift */; };
		6D7BA023257B5A38002EC5A1 /* LoggedOutRouter.swift in Sources */ = {isa = PBXBuildFile; fileRef = 6D7BA01F257B5A38002EC5A1 /* LoggedOutRouter.swift */; };
		6D7BA024257B5A38002EC5A1 /* LoggedOutViewController.swift in Sources */ = {isa = PBXBuildFile; fileRef = 6D7BA020257B5A38002EC5A1 /* LoggedOutViewController.swift */; };
		6D7BA025257B5A38002EC5A1 /* LoggedOutBuilder.swift in Sources */ = {isa = PBXBuildFile; fileRef = 6D7BA021257B5A38002EC5A1 /* LoggedOutBuilder.swift */; };
		6D7BA026257B5A38002EC5A1 /* LoggedOutInteractor.swift in Sources */ = {isa = PBXBuildFile; fileRef = 6D7BA022257B5A38002EC5A1 /* LoggedOutInteractor.swift */; };
		6DEB2EB8257B569400B99C37 /* AppDelegate.swift in Sources */ = {isa = PBXBuildFile; fileRef = 6DEB2EB7257B569400B99C37 /* AppDelegate.swift */; };
		6DEB2EBC257B569400B99C37 /* ViewController.swift in Sources */ = {isa = PBXBuildFile; fileRef = 6DEB2EBB257B569400B99C37 /* ViewController.swift */; };
		6DEB2EBF257B569400B99C37 /* Main.storyboard in Resources */ = {isa = PBXBuildFile; fileRef = 6DEB2EBD257B569400B99C37 /* Main.storyboard */; };
		6DEB2EC2257B569400B99C37 /* RibsDog.xcdatamodeld in Sources */ = {isa = PBXBuildFile; fileRef = 6DEB2EC0257B569400B99C37 /* RibsDog.xcdatamodeld */; };
		6DEB2EC4257B569500B99C37 /* Assets.xcassets in Resources */ = {isa = PBXBuildFile; fileRef = 6DEB2EC3257B569500B99C37 /* Assets.xcassets */; };
		6DEB2EC7257B569500B99C37 /* LaunchScreen.storyboard in Resources */ = {isa = PBXBuildFile; fileRef = 6DEB2EC5257B569500B99C37 /* LaunchScreen.storyboard */; };
		6DEB2ED2257B569500B99C37 /* RibsDogTests.swift in Sources */ = {isa = PBXBuildFile; fileRef = 6DEB2ED1257B569500B99C37 /* RibsDogTests.swift */; };
		6DEB2EDD257B569500B99C37 /* RibsDogUITests.swift in Sources */ = {isa = PBXBuildFile; fileRef = 6DEB2EDC257B569500B99C37 /* RibsDogUITests.swift */; };
		9A32930EB9F1ACEA5FC4C8AF /* Pods_RibsDog_RibsDogUITests.framework in Frameworks */ = {isa = PBXBuildFile; fileRef = F3664761BA0AF22BB165F6D8 /* Pods_RibsDog_RibsDogUITests.framework */; };
		9D866C2B395F3800206846B1 /* Pods_RibsDogTests.framework in Frameworks */ = {isa = PBXBuildFile; fileRef = 441B02D4B6C95F579304F323 /* Pods_RibsDogTests.framework */; };
		CA8E16030464252DB55914AE /* Pods_RibsDog.framework in Frameworks */ = {isa = PBXBuildFile; fileRef = C9558413B2ED1F208276C077 /* Pods_RibsDog.framework */; };
/* End PBXBuildFile section */

/* Begin PBXContainerItemProxy section */
		6DEB2ECE257B569500B99C37 /* PBXContainerItemProxy */ = {
			isa = PBXContainerItemProxy;
			containerPortal = 6DEB2EAC257B569400B99C37 /* Project object */;
			proxyType = 1;
			remoteGlobalIDString = 6DEB2EB3257B569400B99C37;
			remoteInfo = RibsDog;
		};
		6DEB2ED9257B569500B99C37 /* PBXContainerItemProxy */ = {
			isa = PBXContainerItemProxy;
			containerPortal = 6DEB2EAC257B569400B99C37 /* Project object */;
			proxyType = 1;
			remoteGlobalIDString = 6DEB2EB3257B569400B99C37;
			remoteInfo = RibsDog;
		};
/* End PBXContainerItemProxy section */

/* Begin PBXFileReference section */
		441B02D4B6C95F579304F323 /* Pods_RibsDogTests.framework */ = {isa = PBXFileReference; explicitFileType = wrapper.framework; includeInIndex = 0; path = Pods_RibsDogTests.framework; sourceTree = BUILT_PRODUCTS_DIR; };
		5B7C1364E6DAC32C7BC9121F /* Pods-RibsDog.debug.xcconfig */ = {isa = PBXFileReference; includeInIndex = 1; lastKnownFileType = text.xcconfig; name = "Pods-RibsDog.debug.xcconfig"; path = "Target Support Files/Pods-RibsDog/Pods-RibsDog.debug.xcconfig"; sourceTree = "<group>"; };
		6D3EC6D7257B62A2003247A1 /* RootRouter.swift */ = {isa = PBXFileReference; lastKnownFileType = sourcecode.swift; path = RootRouter.swift; sourceTree = "<group>"; };
		6D3EC6D8257B62A2003247A1 /* RootViewController.swift */ = {isa = PBXFileReference; lastKnownFileType = sourcecode.swift; path = RootViewController.swift; sourceTree = "<group>"; };
		6D3EC6D9257B62A2003247A1 /* RootBuilder.swift */ = {isa = PBXFileReference; lastKnownFileType = sourcecode.swift; path = RootBuilder.swift; sourceTree = "<group>"; };
		6D3EC6DA257B62A2003247A1 /* RootInteractor.swift */ = {isa = PBXFileReference; lastKnownFileType = sourcecode.swift; path = RootInteractor.swift; sourceTree = "<group>"; };
		6D3EC6EA257B6358003247A1 /* AppComponent.swift */ = {isa = PBXFileReference; lastKnownFileType = sourcecode.swift; path = AppComponent.swift; sourceTree = "<group>"; };
		6D3EC6EF257B6765003247A1 /* RootComponent+LoggedOut.swift */ = {isa = PBXFileReference; lastKnownFileType = sourcecode.swift; path = "RootComponent+LoggedOut.swift"; sourceTree = "<group>"; };
		6D7BA01F257B5A38002EC5A1 /* LoggedOutRouter.swift */ = {isa = PBXFileReference; lastKnownFileType = sourcecode.swift; path = LoggedOutRouter.swift; sourceTree = "<group>"; };
		6D7BA020257B5A38002EC5A1 /* LoggedOutViewController.swift */ = {isa = PBXFileReference; lastKnownFileType = sourcecode.swift; path = LoggedOutViewController.swift; sourceTree = "<group>"; };
		6D7BA021257B5A38002EC5A1 /* LoggedOutBuilder.swift */ = {isa = PBXFileReference; lastKnownFileType = sourcecode.swift; path = LoggedOutBuilder.swift; sourceTree = "<group>"; };
		6D7BA022257B5A38002EC5A1 /* LoggedOutInteractor.swift */ = {isa = PBXFileReference; lastKnownFileType = sourcecode.swift; path = LoggedOutInteractor.swift; sourceTree = "<group>"; };
		6DEB2EB4257B569400B99C37 /* RibsDog.app */ = {isa = PBXFileReference; explicitFileType = wrapper.application; includeInIndex = 0; path = RibsDog.app; sourceTree = BUILT_PRODUCTS_DIR; };
		6DEB2EB7257B569400B99C37 /* AppDelegate.swift */ = {isa = PBXFileReference; lastKnownFileType = sourcecode.swift; path = AppDelegate.swift; sourceTree = "<group>"; };
		6DEB2EBB257B569400B99C37 /* ViewController.swift */ = {isa = PBXFileReference; lastKnownFileType = sourcecode.swift; path = ViewController.swift; sourceTree = "<group>"; };
		6DEB2EBE257B569400B99C37 /* Base */ = {isa = PBXFileReference; lastKnownFileType = file.storyboard; name = Base; path = Base.lproj/Main.storyboard; sourceTree = "<group>"; };
		6DEB2EC1257B569400B99C37 /* RibsDog.xcdatamodel */ = {isa = PBXFileReference; lastKnownFileType = wrapper.xcdatamodel; path = RibsDog.xcdatamodel; sourceTree = "<group>"; };
		6DEB2EC3257B569500B99C37 /* Assets.xcassets */ = {isa = PBXFileReference; lastKnownFileType = folder.assetcatalog; path = Assets.xcassets; sourceTree = "<group>"; };
		6DEB2EC6257B569500B99C37 /* Base */ = {isa = PBXFileReference; lastKnownFileType = file.storyboard; name = Base; path = Base.lproj/LaunchScreen.storyboard; sourceTree = "<group>"; };
		6DEB2EC8257B569500B99C37 /* Info.plist */ = {isa = PBXFileReference; lastKnownFileType = text.plist.xml; path = Info.plist; sourceTree = "<group>"; };
		6DEB2ECD257B569500B99C37 /* RibsDogTests.xctest */ = {isa = PBXFileReference; explicitFileType = wrapper.cfbundle; includeInIndex = 0; path = RibsDogTests.xctest; sourceTree = BUILT_PRODUCTS_DIR; };
		6DEB2ED1257B569500B99C37 /* RibsDogTests.swift */ = {isa = PBXFileReference; lastKnownFileType = sourcecode.swift; path = RibsDogTests.swift; sourceTree = "<group>"; };
		6DEB2ED3257B569500B99C37 /* Info.plist */ = {isa = PBXFileReference; lastKnownFileType = text.plist.xml; path = Info.plist; sourceTree = "<group>"; };
		6DEB2ED8257B569500B99C37 /* RibsDogUITests.xctest */ = {isa = PBXFileReference; explicitFileType = wrapper.cfbundle; includeInIndex = 0; path = RibsDogUITests.xctest; sourceTree = BUILT_PRODUCTS_DIR; };
		6DEB2EDC257B569500B99C37 /* RibsDogUITests.swift */ = {isa = PBXFileReference; lastKnownFileType = sourcecode.swift; path = RibsDogUITests.swift; sourceTree = "<group>"; };
		6DEB2EDE257B569500B99C37 /* Info.plist */ = {isa = PBXFileReference; lastKnownFileType = text.plist.xml; path = Info.plist; sourceTree = "<group>"; };
		77DC73E52E535E14BA6E9C35 /* Pods-RibsDog-RibsDogUITests.debug.xcconfig */ = {isa = PBXFileReference; includeInIndex = 1; lastKnownFileType = text.xcconfig; name = "Pods-RibsDog-RibsDogUITests.debug.xcconfig"; path = "Target Support Files/Pods-RibsDog-RibsDogUITests/Pods-RibsDog-RibsDogUITests.debug.xcconfig"; sourceTree = "<group>"; };
		77F6D6D0AA59B5876201740B /* Pods-RibsDog.release.xcconfig */ = {isa = PBXFileReference; includeInIndex = 1; lastKnownFileType = text.xcconfig; name = "Pods-RibsDog.release.xcconfig"; path = "Target Support Files/Pods-RibsDog/Pods-RibsDog.release.xcconfig"; sourceTree = "<group>"; };
		A2C7A2454A192B4414DA5B7C /* Pods-RibsDog-RibsDogUITests.release.xcconfig */ = {isa = PBXFileReference; includeInIndex = 1; lastKnownFileType = text.xcconfig; name = "Pods-RibsDog-RibsDogUITests.release.xcconfig"; path = "Target Support Files/Pods-RibsDog-RibsDogUITests/Pods-RibsDog-RibsDogUITests.release.xcconfig"; sourceTree = "<group>"; };
		C9558413B2ED1F208276C077 /* Pods_RibsDog.framework */ = {isa = PBXFileReference; explicitFileType = wrapper.framework; includeInIndex = 0; path = Pods_RibsDog.framework; sourceTree = BUILT_PRODUCTS_DIR; };
		DE6A96DA2F8EBCE5394291ED /* Pods-RibsDogTests.release.xcconfig */ = {isa = PBXFileReference; includeInIndex = 1; lastKnownFileType = text.xcconfig; name = "Pods-RibsDogTests.release.xcconfig"; path = "Target Support Files/Pods-RibsDogTests/Pods-RibsDogTests.release.xcconfig"; sourceTree = "<group>"; };
		F3664761BA0AF22BB165F6D8 /* Pods_RibsDog_RibsDogUITests.framework */ = {isa = PBXFileReference; explicitFileType = wrapper.framework; includeInIndex = 0; path = Pods_RibsDog_RibsDogUITests.framework; sourceTree = BUILT_PRODUCTS_DIR; };
		F7B1624DC2BCC656CFB3D2A7 /* Pods-RibsDogTests.debug.xcconfig */ = {isa = PBXFileReference; includeInIndex = 1; lastKnownFileType = text.xcconfig; name = "Pods-RibsDogTests.debug.xcconfig"; path = "Target Support Files/Pods-RibsDogTests/Pods-RibsDogTests.debug.xcconfig"; sourceTree = "<group>"; };
/* End PBXFileReference section */

/* Begin PBXFrameworksBuildPhase section */
		6DEB2EB1257B569400B99C37 /* Frameworks */ = {
			isa = PBXFrameworksBuildPhase;
			buildActionMask = 2147483647;
			files = (
				CA8E16030464252DB55914AE /* Pods_RibsDog.framework in Frameworks */,
			);
			runOnlyForDeploymentPostprocessing = 0;
		};
		6DEB2ECA257B569500B99C37 /* Frameworks */ = {
			isa = PBXFrameworksBuildPhase;
			buildActionMask = 2147483647;
			files = (
				9D866C2B395F3800206846B1 /* Pods_RibsDogTests.framework in Frameworks */,
			);
			runOnlyForDeploymentPostprocessing = 0;
		};
		6DEB2ED5257B569500B99C37 /* Frameworks */ = {
			isa = PBXFrameworksBuildPhase;
			buildActionMask = 2147483647;
			files = (
				9A32930EB9F1ACEA5FC4C8AF /* Pods_RibsDog_RibsDogUITests.framework in Frameworks */,
			);
			runOnlyForDeploymentPostprocessing = 0;
		};
/* End PBXFrameworksBuildPhase section */

/* Begin PBXGroup section */
		6D3EC6D6257B6291003247A1 /* Root */ = {
			isa = PBXGroup;
			children = (
				6D3EC6EA257B6358003247A1 /* AppComponent.swift */,
				6D3EC6D9257B62A2003247A1 /* RootBuilder.swift */,
				6D3EC6EF257B6765003247A1 /* RootComponent+LoggedOut.swift */,
				6D3EC6DA257B62A2003247A1 /* RootInteractor.swift */,
				6D3EC6D7257B62A2003247A1 /* RootRouter.swift */,
				6D3EC6D8257B62A2003247A1 /* RootViewController.swift */,
			);
			path = Root;
			sourceTree = "<group>";
		};
		6D7BA01B257B5A25002EC5A1 /* LoggedOut */ = {
			isa = PBXGroup;
			children = (
				6D7BA021257B5A38002EC5A1 /* LoggedOutBuilder.swift */,
				6D7BA022257B5A38002EC5A1 /* LoggedOutInteractor.swift */,
				6D7BA01F257B5A38002EC5A1 /* LoggedOutRouter.swift */,
				6D7BA020257B5A38002EC5A1 /* LoggedOutViewController.swift */,
			);
			path = LoggedOut;
			sourceTree = "<group>";
		};
		6DEB2EAB257B569400B99C37 = {
			isa = PBXGroup;
			children = (
				6DEB2EB6257B569400B99C37 /* RibsDog */,
				6DEB2ED0257B569500B99C37 /* RibsDogTests */,
				6DEB2EDB257B569500B99C37 /* RibsDogUITests */,
				6DEB2EB5257B569400B99C37 /* Products */,
				96AA080A764579A02F95CE9E /* Pods */,
				8A87B235E393A4E210720AF4 /* Frameworks */,
			);
			sourceTree = "<group>";
		};
		6DEB2EB5257B569400B99C37 /* Products */ = {
			isa = PBXGroup;
			children = (
				6DEB2EB4257B569400B99C37 /* RibsDog.app */,
				6DEB2ECD257B569500B99C37 /* RibsDogTests.xctest */,
				6DEB2ED8257B569500B99C37 /* RibsDogUITests.xctest */,
			);
			name = Products;
			sourceTree = "<group>";
		};
		6DEB2EB6257B569400B99C37 /* RibsDog */ = {
			isa = PBXGroup;
			children = (
				6D3EC6D6257B6291003247A1 /* Root */,
				6D7BA01B257B5A25002EC5A1 /* LoggedOut */,
				6DEB2EB7257B569400B99C37 /* AppDelegate.swift */,
				6DEB2EBB257B569400B99C37 /* ViewController.swift */,
				6DEB2EBD257B569400B99C37 /* Main.storyboard */,
				6DEB2EC3257B569500B99C37 /* Assets.xcassets */,
				6DEB2EC5257B569500B99C37 /* LaunchScreen.storyboard */,
				6DEB2EC8257B569500B99C37 /* Info.plist */,
				6DEB2EC0257B569400B99C37 /* RibsDog.xcdatamodeld */,
			);
			path = RibsDog;
			sourceTree = "<group>";
		};
		6DEB2ED0257B569500B99C37 /* RibsDogTests */ = {
			isa = PBXGroup;
			children = (
				6DEB2ED1257B569500B99C37 /* RibsDogTests.swift */,
				6DEB2ED3257B569500B99C37 /* Info.plist */,
			);
			path = RibsDogTests;
			sourceTree = "<group>";
		};
		6DEB2EDB257B569500B99C37 /* RibsDogUITests */ = {
			isa = PBXGroup;
			children = (
				6DEB2EDC257B569500B99C37 /* RibsDogUITests.swift */,
				6DEB2EDE257B569500B99C37 /* Info.plist */,
			);
			path = RibsDogUITests;
			sourceTree = "<group>";
		};
		8A87B235E393A4E210720AF4 /* Frameworks */ = {
			isa = PBXGroup;
			children = (
				C9558413B2ED1F208276C077 /* Pods_RibsDog.framework */,
				F3664761BA0AF22BB165F6D8 /* Pods_RibsDog_RibsDogUITests.framework */,
				441B02D4B6C95F579304F323 /* Pods_RibsDogTests.framework */,
			);
			name = Frameworks;
			sourceTree = "<group>";
		};
		96AA080A764579A02F95CE9E /* Pods */ = {
			isa = PBXGroup;
			children = (
				5B7C1364E6DAC32C7BC9121F /* Pods-RibsDog.debug.xcconfig */,
				77F6D6D0AA59B5876201740B /* Pods-RibsDog.release.xcconfig */,
				77DC73E52E535E14BA6E9C35 /* Pods-RibsDog-RibsDogUITests.debug.xcconfig */,
				A2C7A2454A192B4414DA5B7C /* Pods-RibsDog-RibsDogUITests.release.xcconfig */,
				F7B1624DC2BCC656CFB3D2A7 /* Pods-RibsDogTests.debug.xcconfig */,
				DE6A96DA2F8EBCE5394291ED /* Pods-RibsDogTests.release.xcconfig */,
			);
			path = Pods;
			sourceTree = "<group>";
		};
/* End PBXGroup section */

/* Begin PBXNativeTarget section */
		6DEB2EB3257B569400B99C37 /* RibsDog */ = {
			isa = PBXNativeTarget;
			buildConfigurationList = 6DEB2EE1257B569500B99C37 /* Build configuration list for PBXNativeTarget "RibsDog" */;
			buildPhases = (
				4384614CB1F696C2158B1887 /* [CP] Check Pods Manifest.lock */,
				6DEB2EB0257B569400B99C37 /* Sources */,
				6DEB2EB1257B569400B99C37 /* Frameworks */,
				6DEB2EB2257B569400B99C37 /* Resources */,
				B4B96B3F8EED4C25032813D1 /* [CP] Embed Pods Frameworks */,
			);
			buildRules = (
			);
			dependencies = (
			);
			name = RibsDog;
			productName = RibsDog;
			productReference = 6DEB2EB4257B569400B99C37 /* RibsDog.app */;
			productType = "com.apple.product-type.application";
		};
		6DEB2ECC257B569500B99C37 /* RibsDogTests */ = {
			isa = PBXNativeTarget;
			buildConfigurationList = 6DEB2EE4257B569500B99C37 /* Build configuration list for PBXNativeTarget "RibsDogTests" */;
			buildPhases = (
				9E7EDB1A2A8872FAB34F8DFF /* [CP] Check Pods Manifest.lock */,
				6DEB2EC9257B569500B99C37 /* Sources */,
				6DEB2ECA257B569500B99C37 /* Frameworks */,
				6DEB2ECB257B569500B99C37 /* Resources */,
			);
			buildRules = (
			);
			dependencies = (
				6DEB2ECF257B569500B99C37 /* PBXTargetDependency */,
			);
			name = RibsDogTests;
			productName = RibsDogTests;
			productReference = 6DEB2ECD257B569500B99C37 /* RibsDogTests.xctest */;
			productType = "com.apple.product-type.bundle.unit-test";
		};
		6DEB2ED7257B569500B99C37 /* RibsDogUITests */ = {
			isa = PBXNativeTarget;
			buildConfigurationList = 6DEB2EE7257B569500B99C37 /* Build configuration list for PBXNativeTarget "RibsDogUITests" */;
			buildPhases = (
				10BFABA5BDC36D2F441109DA /* [CP] Check Pods Manifest.lock */,
				6DEB2ED4257B569500B99C37 /* Sources */,
				6DEB2ED5257B569500B99C37 /* Frameworks */,
				6DEB2ED6257B569500B99C37 /* Resources */,
				920257DDD36DC148E9FF990E /* [CP] Embed Pods Frameworks */,
			);
			buildRules = (
			);
			dependencies = (
				6DEB2EDA257B569500B99C37 /* PBXTargetDependency */,
			);
			name = RibsDogUITests;
			productName = RibsDogUITests;
			productReference = 6DEB2ED8257B569500B99C37 /* RibsDogUITests.xctest */;
			productType = "com.apple.product-type.bundle.ui-testing";
		};
/* End PBXNativeTarget section */

/* Begin PBXProject section */
		6DEB2EAC257B569400B99C37 /* Project object */ = {
			isa = PBXProject;
			attributes = {
				LastSwiftUpdateCheck = 1220;
				LastUpgradeCheck = 1220;
				ORGANIZATIONNAME = help.nyon;
				TargetAttributes = {
					6DEB2EB3257B569400B99C37 = {
						CreatedOnToolsVersion = 12.2;
					};
					6DEB2ECC257B569500B99C37 = {
						CreatedOnToolsVersion = 12.2;
						TestTargetID = 6DEB2EB3257B569400B99C37;
					};
					6DEB2ED7257B569500B99C37 = {
						CreatedOnToolsVersion = 12.2;
						TestTargetID = 6DEB2EB3257B569400B99C37;
					};
				};
			};
			buildConfigurationList = 6DEB2EAF257B569400B99C37 /* Build configuration list for PBXProject "RibsDog" */;
			compatibilityVersion = "Xcode 9.3";
			developmentRegion = en;
			hasScannedForEncodings = 0;
			knownRegions = (
				en,
				Base,
			);
			mainGroup = 6DEB2EAB257B569400B99C37;
			productRefGroup = 6DEB2EB5257B569400B99C37 /* Products */;
			projectDirPath = "";
			projectRoot = "";
			targets = (
				6DEB2EB3257B569400B99C37 /* RibsDog */,
				6DEB2ECC257B569500B99C37 /* RibsDogTests */,
				6DEB2ED7257B569500B99C37 /* RibsDogUITests */,
			);
		};
/* End PBXProject section */

/* Begin PBXResourcesBuildPhase section */
		6DEB2EB2257B569400B99C37 /* Resources */ = {
			isa = PBXResourcesBuildPhase;
			buildActionMask = 2147483647;
			files = (
				6DEB2EC7257B569500B99C37 /* LaunchScreen.storyboard in Resources */,
				6DEB2EC4257B569500B99C37 /* Assets.xcassets in Resources */,
				6DEB2EBF257B569400B99C37 /* Main.storyboard in Resources */,
			);
			runOnlyForDeploymentPostprocessing = 0;
		};
		6DEB2ECB257B569500B99C37 /* Resources */ = {
			isa = PBXResourcesBuildPhase;
			buildActionMask = 2147483647;
			files = (
			);
			runOnlyForDeploymentPostprocessing = 0;
		};
		6DEB2ED6257B569500B99C37 /* Resources */ = {
			isa = PBXResourcesBuildPhase;
			buildActionMask = 2147483647;
			files = (
			);
			runOnlyForDeploymentPostprocessing = 0;
		};
/* End PBXResourcesBuildPhase section */

/* Begin PBXShellScriptBuildPhase section */
		10BFABA5BDC36D2F441109DA /* [CP] Check Pods Manifest.lock */ = {
			isa = PBXShellScriptBuildPhase;
			buildActionMask = 2147483647;
			files = (
			);
			inputFileListPaths = (
			);
			inputPaths = (
				"${PODS_PODFILE_DIR_PATH}/Podfile.lock",
				"${PODS_ROOT}/Manifest.lock",
			);
			name = "[CP] Check Pods Manifest.lock";
			outputFileListPaths = (
			);
			outputPaths = (
				"$(DERIVED_FILE_DIR)/Pods-RibsDog-RibsDogUITests-checkManifestLockResult.txt",
			);
			runOnlyForDeploymentPostprocessing = 0;
			shellPath = /bin/sh;
			shellScript = "diff \"${PODS_PODFILE_DIR_PATH}/Podfile.lock\" \"${PODS_ROOT}/Manifest.lock\" > /dev/null\nif [ $? != 0 ] ; then\n    # print error to STDERR\n    echo \"error: The sandbox is not in sync with the Podfile.lock. Run 'pod install' or update your CocoaPods installation.\" >&2\n    exit 1\nfi\n# This output is used by Xcode 'outputs' to avoid re-running this script phase.\necho \"SUCCESS\" > \"${SCRIPT_OUTPUT_FILE_0}\"\n";
			showEnvVarsInLog = 0;
		};
		4384614CB1F696C2158B1887 /* [CP] Check Pods Manifest.lock */ = {
			isa = PBXShellScriptBuildPhase;
			buildActionMask = 2147483647;
			files = (
			);
			inputFileListPaths = (
			);
			inputPaths = (
				"${PODS_PODFILE_DIR_PATH}/Podfile.lock",
				"${PODS_ROOT}/Manifest.lock",
			);
			name = "[CP] Check Pods Manifest.lock";
			outputFileListPaths = (
			);
			outputPaths = (
				"$(DERIVED_FILE_DIR)/Pods-RibsDog-checkManifestLockResult.txt",
			);
			runOnlyForDeploymentPostprocessing = 0;
			shellPath = /bin/sh;
			shellScript = "diff \"${PODS_PODFILE_DIR_PATH}/Podfile.lock\" \"${PODS_ROOT}/Manifest.lock\" > /dev/null\nif [ $? != 0 ] ; then\n    # print error to STDERR\n    echo \"error: The sandbox is not in sync with the Podfile.lock. Run 'pod install' or update your CocoaPods installation.\" >&2\n    exit 1\nfi\n# This output is used by Xcode 'outputs' to avoid re-running this script phase.\necho \"SUCCESS\" > \"${SCRIPT_OUTPUT_FILE_0}\"\n";
			showEnvVarsInLog = 0;
		};
		920257DDD36DC148E9FF990E /* [CP] Embed Pods Frameworks */ = {
			isa = PBXShellScriptBuildPhase;
			buildActionMask = 2147483647;
			files = (
			);
			inputFileListPaths = (
				"${PODS_ROOT}/Target Support Files/Pods-RibsDog-RibsDogUITests/Pods-RibsDog-RibsDogUITests-frameworks-${CONFIGURATION}-input-files.xcfilelist",
			);
			name = "[CP] Embed Pods Frameworks";
			outputFileListPaths = (
				"${PODS_ROOT}/Target Support Files/Pods-RibsDog-RibsDogUITests/Pods-RibsDog-RibsDogUITests-frameworks-${CONFIGURATION}-output-files.xcfilelist",
			);
			runOnlyForDeploymentPostprocessing = 0;
			shellPath = /bin/sh;
			shellScript = "\"${PODS_ROOT}/Target Support Files/Pods-RibsDog-RibsDogUITests/Pods-RibsDog-RibsDogUITests-frameworks.sh\"\n";
			showEnvVarsInLog = 0;
		};
		9E7EDB1A2A8872FAB34F8DFF /* [CP] Check Pods Manifest.lock */ = {
			isa = PBXShellScriptBuildPhase;
			buildActionMask = 2147483647;
			files = (
			);
			inputFileListPaths = (
			);
			inputPaths = (
				"${PODS_PODFILE_DIR_PATH}/Podfile.lock",
				"${PODS_ROOT}/Manifest.lock",
			);
			name = "[CP] Check Pods Manifest.lock";
			outputFileListPaths = (
			);
			outputPaths = (
				"$(DERIVED_FILE_DIR)/Pods-RibsDogTests-checkManifestLockResult.txt",
			);
			runOnlyForDeploymentPostprocessing = 0;
			shellPath = /bin/sh;
			shellScript = "diff \"${PODS_PODFILE_DIR_PATH}/Podfile.lock\" \"${PODS_ROOT}/Manifest.lock\" > /dev/null\nif [ $? != 0 ] ; then\n    # print error to STDERR\n    echo \"error: The sandbox is not in sync with the Podfile.lock. Run 'pod install' or update your CocoaPods installation.\" >&2\n    exit 1\nfi\n# This output is used by Xcode 'outputs' to avoid re-running this script phase.\necho \"SUCCESS\" > \"${SCRIPT_OUTPUT_FILE_0}\"\n";
			showEnvVarsInLog = 0;
		};
		B4B96B3F8EED4C25032813D1 /* [CP] Embed Pods Frameworks */ = {
			isa = PBXShellScriptBuildPhase;
			buildActionMask = 2147483647;
			files = (
			);
			inputFileListPaths = (
				"${PODS_ROOT}/Target Support Files/Pods-RibsDog/Pods-RibsDog-frameworks-${CONFIGURATION}-input-files.xcfilelist",
			);
			name = "[CP] Embed Pods Frameworks";
			outputFileListPaths = (
				"${PODS_ROOT}/Target Support Files/Pods-RibsDog/Pods-RibsDog-frameworks-${CONFIGURATION}-output-files.xcfilelist",
			);
			runOnlyForDeploymentPostprocessing = 0;
			shellPath = /bin/sh;
			shellScript = "\"${PODS_ROOT}/Target Support Files/Pods-RibsDog/Pods-RibsDog-frameworks.sh\"\n";
			showEnvVarsInLog = 0;
		};
/* End PBXShellScriptBuildPhase section */

/* Begin PBXSourcesBuildPhase section */
		6DEB2EB0257B569400B99C37 /* Sources */ = {
			isa = PBXSourcesBuildPhase;
			buildActionMask = 2147483647;
			files = (
				6D3EC6DB257B62A2003247A1 /* RootRouter.swift in Sources */,
				6DEB2EBC257B569400B99C37 /* ViewController.swift in Sources */,
				6D3EC6DE257B62A2003247A1 /* RootInteractor.swift in Sources */,
				6D3EC6DC257B62A2003247A1 /* RootViewController.swift in Sources */,
				6D7BA026257B5A38002EC5A1 /* LoggedOutInteractor.swift in Sources */,
				6D3EC6EB257B6358003247A1 /* AppComponent.swift in Sources */,
				6D7BA024257B5A38002EC5A1 /* LoggedOutViewController.swift in Sources */,
				6D3EC6F0257B6765003247A1 /* RootComponent+LoggedOut.swift in Sources */,
				6D7BA023257B5A38002EC5A1 /* LoggedOutRouter.swift in Sources */,
				6D7BA025257B5A38002EC5A1 /* LoggedOutBuilder.swift in Sources */,
				6D3EC6DD257B62A2003247A1 /* RootBuilder.swift in Sources */,
				6DEB2EB8257B569400B99C37 /* AppDelegate.swift in Sources */,
				6DEB2EC2257B569400B99C37 /* RibsDog.xcdatamodeld in Sources */,
			);
			runOnlyForDeploymentPostprocessing = 0;
		};
		6DEB2EC9257B569500B99C37 /* Sources */ = {
			isa = PBXSourcesBuildPhase;
			buildActionMask = 2147483647;
			files = (
				6DEB2ED2257B569500B99C37 /* RibsDogTests.swift in Sources */,
			);
			runOnlyForDeploymentPostprocessing = 0;
		};
		6DEB2ED4257B569500B99C37 /* Sources */ = {
			isa = PBXSourcesBuildPhase;
			buildActionMask = 2147483647;
			files = (
				6DEB2EDD257B569500B99C37 /* RibsDogUITests.swift in Sources */,
			);
			runOnlyForDeploymentPostprocessing = 0;
		};
/* End PBXSourcesBuildPhase section */

/* Begin PBXTargetDependency section */
		6DEB2ECF257B569500B99C37 /* PBXTargetDependency */ = {
			isa = PBXTargetDependency;
			target = 6DEB2EB3257B569400B99C37 /* RibsDog */;
			targetProxy = 6DEB2ECE257B569500B99C37 /* PBXContainerItemProxy */;
		};
		6DEB2EDA257B569500B99C37 /* PBXTargetDependency */ = {
			isa = PBXTargetDependency;
			target = 6DEB2EB3257B569400B99C37 /* RibsDog */;
			targetProxy = 6DEB2ED9257B569500B99C37 /* PBXContainerItemProxy */;
		};
/* End PBXTargetDependency section */

/* Begin PBXVariantGroup section */
		6DEB2EBD257B569400B99C37 /* Main.storyboard */ = {
			isa = PBXVariantGroup;
			children = (
				6DEB2EBE257B569400B99C37 /* Base */,
			);
			name = Main.storyboard;
			sourceTree = "<group>";
		};
		6DEB2EC5257B569500B99C37 /* LaunchScreen.storyboard */ = {
			isa = PBXVariantGroup;
			children = (
				6DEB2EC6257B569500B99C37 /* Base */,
			);
			name = LaunchScreen.storyboard;
			sourceTree = "<group>";
		};
/* End PBXVariantGroup section */

/* Begin XCBuildConfiguration section */
		6DEB2EDF257B569500B99C37 /* Debug */ = {
			isa = XCBuildConfiguration;
			buildSettings = {
				ALWAYS_SEARCH_USER_PATHS = NO;
				CLANG_ANALYZER_NONNULL = YES;
				CLANG_ANALYZER_NUMBER_OBJECT_CONVERSION = YES_AGGRESSIVE;
				CLANG_CXX_LANGUAGE_STANDARD = "gnu++14";
				CLANG_CXX_LIBRARY = "libc++";
				CLANG_ENABLE_MODULES = YES;
				CLANG_ENABLE_OBJC_ARC = YES;
				CLANG_ENABLE_OBJC_WEAK = YES;
				CLANG_WARN_BLOCK_CAPTURE_AUTORELEASING = YES;
				CLANG_WARN_BOOL_CONVERSION = YES;
				CLANG_WARN_COMMA = YES;
				CLANG_WARN_CONSTANT_CONVERSION = YES;
				CLANG_WARN_DEPRECATED_OBJC_IMPLEMENTATIONS = YES;
				CLANG_WARN_DIRECT_OBJC_ISA_USAGE = YES_ERROR;
				CLANG_WARN_DOCUMENTATION_COMMENTS = YES;
				CLANG_WARN_EMPTY_BODY = YES;
				CLANG_WARN_ENUM_CONVERSION = YES;
				CLANG_WARN_INFINITE_RECURSION = YES;
				CLANG_WARN_INT_CONVERSION = YES;
				CLANG_WARN_NON_LITERAL_NULL_CONVERSION = YES;
				CLANG_WARN_OBJC_IMPLICIT_RETAIN_SELF = YES;
				CLANG_WARN_OBJC_LITERAL_CONVERSION = YES;
				CLANG_WARN_OBJC_ROOT_CLASS = YES_ERROR;
				CLANG_WARN_QUOTED_INCLUDE_IN_FRAMEWORK_HEADER = YES;
				CLANG_WARN_RANGE_LOOP_ANALYSIS = YES;
				CLANG_WARN_STRICT_PROTOTYPES = YES;
				CLANG_WARN_SUSPICIOUS_MOVE = YES;
				CLANG_WARN_UNGUARDED_AVAILABILITY = YES_AGGRESSIVE;
				CLANG_WARN_UNREACHABLE_CODE = YES;
				CLANG_WARN__DUPLICATE_METHOD_MATCH = YES;
				COPY_PHASE_STRIP = NO;
				DEBUG_INFORMATION_FORMAT = dwarf;
				ENABLE_STRICT_OBJC_MSGSEND = YES;
				ENABLE_TESTABILITY = YES;
				GCC_C_LANGUAGE_STANDARD = gnu11;
				GCC_DYNAMIC_NO_PIC = NO;
				GCC_NO_COMMON_BLOCKS = YES;
				GCC_OPTIMIZATION_LEVEL = 0;
				GCC_PREPROCESSOR_DEFINITIONS = (
					"DEBUG=1",
					"$(inherited)",
				);
				GCC_WARN_64_TO_32_BIT_CONVERSION = YES;
				GCC_WARN_ABOUT_RETURN_TYPE = YES_ERROR;
				GCC_WARN_UNDECLARED_SELECTOR = YES;
				GCC_WARN_UNINITIALIZED_AUTOS = YES_AGGRESSIVE;
				GCC_WARN_UNUSED_FUNCTION = YES;
				GCC_WARN_UNUSED_VARIABLE = YES;
				IPHONEOS_DEPLOYMENT_TARGET = 11.1;
				MTL_ENABLE_DEBUG_INFO = INCLUDE_SOURCE;
				MTL_FAST_MATH = YES;
				ONLY_ACTIVE_ARCH = YES;
				SDKROOT = iphoneos;
				SWIFT_ACTIVE_COMPILATION_CONDITIONS = DEBUG;
				SWIFT_OPTIMIZATION_LEVEL = "-Onone";
			};
			name = Debug;
		};
		6DEB2EE0257B569500B99C37 /* Release */ = {
			isa = XCBuildConfiguration;
			buildSettings = {
				ALWAYS_SEARCH_USER_PATHS = NO;
				CLANG_ANALYZER_NONNULL = YES;
				CLANG_ANALYZER_NUMBER_OBJECT_CONVERSION = YES_AGGRESSIVE;
				CLANG_CXX_LANGUAGE_STANDARD = "gnu++14";
				CLANG_CXX_LIBRARY = "libc++";
				CLANG_ENABLE_MODULES = YES;
				CLANG_ENABLE_OBJC_ARC = YES;
				CLANG_ENABLE_OBJC_WEAK = YES;
				CLANG_WARN_BLOCK_CAPTURE_AUTORELEASING = YES;
				CLANG_WARN_BOOL_CONVERSION = YES;
				CLANG_WARN_COMMA = YES;
				CLANG_WARN_CONSTANT_CONVERSION = YES;
				CLANG_WARN_DEPRECATED_OBJC_IMPLEMENTATIONS = YES;
				CLANG_WARN_DIRECT_OBJC_ISA_USAGE = YES_ERROR;
				CLANG_WARN_DOCUMENTATION_COMMENTS = YES;
				CLANG_WARN_EMPTY_BODY = YES;
				CLANG_WARN_ENUM_CONVERSION = YES;
				CLANG_WARN_INFINITE_RECURSION = YES;
				CLANG_WARN_INT_CONVERSION = YES;
				CLANG_WARN_NON_LITERAL_NULL_CONVERSION = YES;
				CLANG_WARN_OBJC_IMPLICIT_RETAIN_SELF = YES;
				CLANG_WARN_OBJC_LITERAL_CONVERSION = YES;
				CLANG_WARN_OBJC_ROOT_CLASS = YES_ERROR;
				CLANG_WARN_QUOTED_INCLUDE_IN_FRAMEWORK_HEADER = YES;
				CLANG_WARN_RANGE_LOOP_ANALYSIS = YES;
				CLANG_WARN_STRICT_PROTOTYPES = YES;
				CLANG_WARN_SUSPICIOUS_MOVE = YES;
				CLANG_WARN_UNGUARDED_AVAILABILITY = YES_AGGRESSIVE;
				CLANG_WARN_UNREACHABLE_CODE = YES;
				CLANG_WARN__DUPLICATE_METHOD_MATCH = YES;
				COPY_PHASE_STRIP = NO;
				DEBUG_INFORMATION_FORMAT = "dwarf-with-dsym";
				ENABLE_NS_ASSERTIONS = NO;
				ENABLE_STRICT_OBJC_MSGSEND = YES;
				GCC_C_LANGUAGE_STANDARD = gnu11;
				GCC_NO_COMMON_BLOCKS = YES;
				GCC_WARN_64_TO_32_BIT_CONVERSION = YES;
				GCC_WARN_ABOUT_RETURN_TYPE = YES_ERROR;
				GCC_WARN_UNDECLARED_SELECTOR = YES;
				GCC_WARN_UNINITIALIZED_AUTOS = YES_AGGRESSIVE;
				GCC_WARN_UNUSED_FUNCTION = YES;
				GCC_WARN_UNUSED_VARIABLE = YES;
				IPHONEOS_DEPLOYMENT_TARGET = 11.1;
				MTL_ENABLE_DEBUG_INFO = NO;
				MTL_FAST_MATH = YES;
				SDKROOT = iphoneos;
				SWIFT_COMPILATION_MODE = wholemodule;
				SWIFT_OPTIMIZATION_LEVEL = "-O";
				VALIDATE_PRODUCT = YES;
			};
			name = Release;
		};
		6DEB2EE2257B569500B99C37 /* Debug */ = {
			isa = XCBuildConfiguration;
			baseConfigurationReference = 5B7C1364E6DAC32C7BC9121F /* Pods-RibsDog.debug.xcconfig */;
			buildSettings = {
				ASSETCATALOG_COMPILER_APPICON_NAME = AppIcon;
				ASSETCATALOG_COMPILER_GLOBAL_ACCENT_COLOR_NAME = AccentColor;
				CODE_SIGN_STYLE = Automatic;
				DEVELOPMENT_TEAM = 8CABCZMNNS;
				INFOPLIST_FILE = RibsDog/Info.plist;
				IPHONEOS_DEPLOYMENT_TARGET = 11.1;
				LD_RUNPATH_SEARCH_PATHS = (
					"$(inherited)",
					"@executable_path/Frameworks",
				);
				PRODUCT_BUNDLE_IDENTIFIER = com.nyon.RibsDog;
				PRODUCT_NAME = "$(TARGET_NAME)";
				SWIFT_VERSION = 5.0;
				TARGETED_DEVICE_FAMILY = "1,2";
			};
			name = Debug;
		};
		6DEB2EE3257B569500B99C37 /* Release */ = {
			isa = XCBuildConfiguration;
			baseConfigurationReference = 77F6D6D0AA59B5876201740B /* Pods-RibsDog.release.xcconfig */;
			buildSettings = {
				ASSETCATALOG_COMPILER_APPICON_NAME = AppIcon;
				ASSETCATALOG_COMPILER_GLOBAL_ACCENT_COLOR_NAME = AccentColor;
				CODE_SIGN_STYLE = Automatic;
				DEVELOPMENT_TEAM = 8CABCZMNNS;
				INFOPLIST_FILE = RibsDog/Info.plist;
				IPHONEOS_DEPLOYMENT_TARGET = 11.1;
				LD_RUNPATH_SEARCH_PATHS = (
					"$(inherited)",
					"@executable_path/Frameworks",
				);
				PRODUCT_BUNDLE_IDENTIFIER = com.nyon.RibsDog;
				PRODUCT_NAME = "$(TARGET_NAME)";
				SWIFT_VERSION = 5.0;
				TARGETED_DEVICE_FAMILY = "1,2";
			};
			name = Release;
		};
		6DEB2EE5257B569500B99C37 /* Debug */ = {
			isa = XCBuildConfiguration;
			baseConfigurationReference = F7B1624DC2BCC656CFB3D2A7 /* Pods-RibsDogTests.debug.xcconfig */;
			buildSettings = {
				ALWAYS_EMBED_SWIFT_STANDARD_LIBRARIES = YES;
				BUNDLE_LOADER = "$(TEST_HOST)";
				CODE_SIGN_STYLE = Automatic;
				DEVELOPMENT_TEAM = 8CABCZMNNS;
				INFOPLIST_FILE = RibsDogTests/Info.plist;
				IPHONEOS_DEPLOYMENT_TARGET = 14.2;
				LD_RUNPATH_SEARCH_PATHS = (
					"$(inherited)",
					"@executable_path/Frameworks",
					"@loader_path/Frameworks",
				);
				PRODUCT_BUNDLE_IDENTIFIER = com.nyon.RibsDogTests;
				PRODUCT_NAME = "$(TARGET_NAME)";
				SWIFT_VERSION = 5.0;
				TARGETED_DEVICE_FAMILY = "1,2";
				TEST_HOST = "$(BUILT_PRODUCTS_DIR)/RibsDog.app/RibsDog";
			};
			name = Debug;
		};
		6DEB2EE6257B569500B99C37 /* Release */ = {
			isa = XCBuildConfiguration;
			baseConfigurationReference = DE6A96DA2F8EBCE5394291ED /* Pods-RibsDogTests.release.xcconfig */;
			buildSettings = {
				ALWAYS_EMBED_SWIFT_STANDARD_LIBRARIES = YES;
				BUNDLE_LOADER = "$(TEST_HOST)";
				CODE_SIGN_STYLE = Automatic;
				DEVELOPMENT_TEAM = 8CABCZMNNS;
				INFOPLIST_FILE = RibsDogTests/Info.plist;
				IPHONEOS_DEPLOYMENT_TARGET = 14.2;
				LD_RUNPATH_SEARCH_PATHS = (
					"$(inherited)",
					"@executable_path/Frameworks",
					"@loader_path/Frameworks",
				);
				PRODUCT_BUNDLE_IDENTIFIER = com.nyon.RibsDogTests;
				PRODUCT_NAME = "$(TARGET_NAME)";
				SWIFT_VERSION = 5.0;
				TARGETED_DEVICE_FAMILY = "1,2";
				TEST_HOST = "$(BUILT_PRODUCTS_DIR)/RibsDog.app/RibsDog";
			};
			name = Release;
		};
		6DEB2EE8257B569500B99C37 /* Debug */ = {
			isa = XCBuildConfiguration;
			baseConfigurationReference = 77DC73E52E535E14BA6E9C35 /* Pods-RibsDog-RibsDogUITests.debug.xcconfig */;
			buildSettings = {
				ALWAYS_EMBED_SWIFT_STANDARD_LIBRARIES = YES;
				CODE_SIGN_STYLE = Automatic;
				DEVELOPMENT_TEAM = 8CABCZMNNS;
				INFOPLIST_FILE = RibsDogUITests/Info.plist;
				LD_RUNPATH_SEARCH_PATHS = (
					"$(inherited)",
					"@executable_path/Frameworks",
					"@loader_path/Frameworks",
				);
				PRODUCT_BUNDLE_IDENTIFIER = com.nyon.RibsDogUITests;
				PRODUCT_NAME = "$(TARGET_NAME)";
				SWIFT_VERSION = 5.0;
				TARGETED_DEVICE_FAMILY = "1,2";
				TEST_TARGET_NAME = RibsDog;
			};
			name = Debug;
		};
		6DEB2EE9257B569500B99C37 /* Release */ = {
			isa = XCBuildConfiguration;
			baseConfigurationReference = A2C7A2454A192B4414DA5B7C /* Pods-RibsDog-RibsDogUITests.release.xcconfig */;
			buildSettings = {
				ALWAYS_EMBED_SWIFT_STANDARD_LIBRARIES = YES;
				CODE_SIGN_STYLE = Automatic;
				DEVELOPMENT_TEAM = 8CABCZMNNS;
				INFOPLIST_FILE = RibsDogUITests/Info.plist;
				LD_RUNPATH_SEARCH_PATHS = (
					"$(inherited)",
					"@executable_path/Frameworks",
					"@loader_path/Frameworks",
				);
				PRODUCT_BUNDLE_IDENTIFIER = com.nyon.RibsDogUITests;
				PRODUCT_NAME = "$(TARGET_NAME)";
				SWIFT_VERSION = 5.0;
				TARGETED_DEVICE_FAMILY = "1,2";
				TEST_TARGET_NAME = RibsDog;
			};
			name = Release;
		};
/* End XCBuildConfiguration section */

/* Begin XCConfigurationList section */
		6DEB2EAF257B569400B99C37 /* Build configuration list for PBXProject "RibsDog" */ = {
			isa = XCConfigurationList;
			buildConfigurations = (
				6DEB2EDF257B569500B99C37 /* Debug */,
				6DEB2EE0257B569500B99C37 /* Release */,
			);
			defaultConfigurationIsVisible = 0;
			defaultConfigurationName = Release;
		};
		6DEB2EE1257B569500B99C37 /* Build configuration list for PBXNativeTarget "RibsDog" */ = {
			isa = XCConfigurationList;
			buildConfigurations = (
				6DEB2EE2257B569500B99C37 /* Debug */,
				6DEB2EE3257B569500B99C37 /* Release */,
			);
			defaultConfigurationIsVisible = 0;
			defaultConfigurationName = Release;
		};
		6DEB2EE4257B569500B99C37 /* Build configuration list for PBXNativeTarget "RibsDogTests" */ = {
			isa = XCConfigurationList;
			buildConfigurations = (
				6DEB2EE5257B569500B99C37 /* Debug */,
				6DEB2EE6257B569500B99C37 /* Release */,
			);
			defaultConfigurationIsVisible = 0;
			defaultConfigurationName = Release;
		};
		6DEB2EE7257B569500B99C37 /* Build configuration list for PBXNativeTarget "RibsDogUITests" */ = {
			isa = XCConfigurationList;
			buildConfigurations = (
				6DEB2EE8257B569500B99C37 /* Debug */,
				6DEB2EE9257B569500B99C37 /* Release */,
			);
			defaultConfigurationIsVisible = 0;
			defaultConfigurationName = Release;
		};
/* End XCConfigurationList section */

/* Begin XCVersionGroup section */
		6DEB2EC0257B569400B99C37 /* RibsDog.xcdatamodeld */ = {
			isa = XCVersionGroup;
			children = (
				6DEB2EC1257B569400B99C37 /* RibsDog.xcdatamodel */,
			);
			currentVersion = 6DEB2EC1257B569400B99C37 /* RibsDog.xcdatamodel */;
			path = RibsDog.xcdatamodeld;
			sourceTree = "<group>";
			versionGroupType = wrapper.xcdatamodel;
		};
/* End XCVersionGroup section */
	};
	rootObject = 6DEB2EAC257B569400B99C37 /* Project object */;
}
