// !$*UTF8*$!
{
	archiveVersion = 1;
	classes = {
	};
	objectVersion = 51;
	objects = {

/* Begin PBXBuildFile section */
		6D354E272588C9B600950FC7 /* OffGameRouter.swift in Sources */ = {isa = PBXBuildFile; fileRef = 6D354E222588C9B600950FC7 /* OffGameRouter.swift */; };
		6D354E282588C9B600950FC7 /* OffGameViewController.storyboard in Resources */ = {isa = PBXBuildFile; fileRef = 6D354E232588C9B600950FC7 /* OffGameViewController.storyboard */; };
		6D354E292588C9B600950FC7 /* OffGameViewController.swift in Sources */ = {isa = PBXBuildFile; fileRef = 6D354E242588C9B600950FC7 /* OffGameViewController.swift */; };
		6D354E2A2588C9B600950FC7 /* OffGameBuilder.swift in Sources */ = {isa = PBXBuildFile; fileRef = 6D354E252588C9B600950FC7 /* OffGameBuilder.swift */; };
		6D354E2B2588C9B600950FC7 /* OffGameInteractor.swift in Sources */ = {isa = PBXBuildFile; fileRef = 6D354E262588C9B600950FC7 /* OffGameInteractor.swift */; };
		6D3AA00B2589DA3200228894 /* LoggedInComponent+OffGame.swift in Sources */ = {isa = PBXBuildFile; fileRef = 6D3AA00A2589DA3200228894 /* LoggedInComponent+OffGame.swift */; };
		6D3AA0212589E2E300228894 /* LoggedInComponent+TicTacToe.swift in Sources */ = {isa = PBXBuildFile; fileRef = 6D3AA0202589E2E300228894 /* LoggedInComponent+TicTacToe.swift */; };
		6D66B5AA2588883300B2878B /* RootComponent+LoggedOut.swift in Sources */ = {isa = PBXBuildFile; fileRef = 6D66B5A92588883300B2878B /* RootComponent+LoggedOut.swift */; };
		6D66B5B5258893BB00B2878B /* LoggedInRouter.swift in Sources */ = {isa = PBXBuildFile; fileRef = 6D66B5B2258893BB00B2878B /* LoggedInRouter.swift */; };
		6D66B5B6258893BB00B2878B /* LoggedInBuilder.swift in Sources */ = {isa = PBXBuildFile; fileRef = 6D66B5B3258893BB00B2878B /* LoggedInBuilder.swift */; };
		6D66B5B7258893BB00B2878B /* LoggedInInteractor.swift in Sources */ = {isa = PBXBuildFile; fileRef = 6D66B5B4258893BB00B2878B /* LoggedInInteractor.swift */; };
		6D66B5C22588948600B2878B /* RootComponent+LoggedIn.swift in Sources */ = {isa = PBXBuildFile; fileRef = 6D66B5C12588948600B2878B /* RootComponent+LoggedIn.swift */; };
		6D7B7B06258ADC9900AD108B /* TicTacToeRouter.swift in Sources */ = {isa = PBXBuildFile; fileRef = 6D7B7B01258ADC9900AD108B /* TicTacToeRouter.swift */; };
		6D7B7B07258ADC9900AD108B /* TicTacToeViewController.storyboard in Resources */ = {isa = PBXBuildFile; fileRef = 6D7B7B02258ADC9900AD108B /* TicTacToeViewController.storyboard */; };
		6D7B7B08258ADC9900AD108B /* TicTacToeViewController.swift in Sources */ = {isa = PBXBuildFile; fileRef = 6D7B7B03258ADC9900AD108B /* TicTacToeViewController.swift */; };
		6D7B7B09258ADC9900AD108B /* TicTacToeBuilder.swift in Sources */ = {isa = PBXBuildFile; fileRef = 6D7B7B04258ADC9900AD108B /* TicTacToeBuilder.swift */; };
		6D7B7B0A258ADC9900AD108B /* TicTacToeInteractor.swift in Sources */ = {isa = PBXBuildFile; fileRef = 6D7B7B05258ADC9900AD108B /* TicTacToeInteractor.swift */; };
		6D7B7B0F258ADD1500AD108B /* TicTacToeCell.swift in Sources */ = {isa = PBXBuildFile; fileRef = 6D7B7B0E258ADD1500AD108B /* TicTacToeCell.swift */; };
		6D7B7B1D258AE2B000AD108B /* TicTacToeFlowLayout.swift in Sources */ = {isa = PBXBuildFile; fileRef = 6D7B7B1C258AE2B000AD108B /* TicTacToeFlowLayout.swift */; };
		6D7B7B30258B14B500AD108B /* PlayerType.swift in Sources */ = {isa = PBXBuildFile; fileRef = 6D7B7B2F258B14B500AD108B /* PlayerType.swift */; };
		6D832C8D258E1CEC0006CBCF /* TicTacToeAdapter.swift in Sources */ = {isa = PBXBuildFile; fileRef = 6D832C8C258E1CEC0006CBCF /* TicTacToeAdapter.swift */; };
		6D8679EE25A99AB100206239 /* LoggedInInteractorTests.swift in Sources */ = {isa = PBXBuildFile; fileRef = 6D8679ED25A99AB100206239 /* LoggedInInteractorTests.swift */; };
		6D8679FC25A9BD0C00206239 /* LoggedInMocks.swift in Sources */ = {isa = PBXBuildFile; fileRef = 6D8679FB25A9BD0C00206239 /* LoggedInMocks.swift */; };
		6D9FC3E525887DE50094CE3C /* RootRouter.swift in Sources */ = {isa = PBXBuildFile; fileRef = 6D9FC3E125887DE50094CE3C /* RootRouter.swift */; };
		6D9FC3E625887DE50094CE3C /* RootViewController.swift in Sources */ = {isa = PBXBuildFile; fileRef = 6D9FC3E225887DE50094CE3C /* RootViewController.swift */; };
		6D9FC3E725887DE50094CE3C /* RootBuilder.swift in Sources */ = {isa = PBXBuildFile; fileRef = 6D9FC3E325887DE50094CE3C /* RootBuilder.swift */; };
		6D9FC3E825887DE50094CE3C /* RootInteractor.swift in Sources */ = {isa = PBXBuildFile; fileRef = 6D9FC3E425887DE50094CE3C /* RootInteractor.swift */; };
		6D9FC3F425887FCC0094CE3C /* AppComponent.swift in Sources */ = {isa = PBXBuildFile; fileRef = 6D9FC3F325887FCC0094CE3C /* AppComponent.swift */; };
		6D9FC415258884460094CE3C /* LoggedOutRouter.swift in Sources */ = {isa = PBXBuildFile; fileRef = 6D9FC410258884460094CE3C /* LoggedOutRouter.swift */; };
		6D9FC416258884460094CE3C /* LoggedOutViewController.storyboard in Resources */ = {isa = PBXBuildFile; fileRef = 6D9FC411258884460094CE3C /* LoggedOutViewController.storyboard */; };
		6D9FC417258884460094CE3C /* LoggedOutViewController.swift in Sources */ = {isa = PBXBuildFile; fileRef = 6D9FC412258884460094CE3C /* LoggedOutViewController.swift */; };
		6D9FC418258884460094CE3C /* LoggedOutBuilder.swift in Sources */ = {isa = PBXBuildFile; fileRef = 6D9FC413258884460094CE3C /* LoggedOutBuilder.swift */; };
		6D9FC419258884460094CE3C /* LoggedOutInteractor.swift in Sources */ = {isa = PBXBuildFile; fileRef = 6D9FC414258884460094CE3C /* LoggedOutInteractor.swift */; };
		6DEB2EB8257B569400B99C37 /* AppDelegate.swift in Sources */ = {isa = PBXBuildFile; fileRef = 6DEB2EB7257B569400B99C37 /* AppDelegate.swift */; };
		6DEB2EBF257B569400B99C37 /* Main.storyboard in Resources */ = {isa = PBXBuildFile; fileRef = 6DEB2EBD257B569400B99C37 /* Main.storyboard */; };
		6DEB2EC2257B569400B99C37 /* RibsDog.xcdatamodeld in Sources */ = {isa = PBXBuildFile; fileRef = 6DEB2EC0257B569400B99C37 /* RibsDog.xcdatamodeld */; };
		6DEB2EC4257B569500B99C37 /* Assets.xcassets in Resources */ = {isa = PBXBuildFile; fileRef = 6DEB2EC3257B569500B99C37 /* Assets.xcassets */; };
		6DEB2EC7257B569500B99C37 /* LaunchScreen.storyboard in Resources */ = {isa = PBXBuildFile; fileRef = 6DEB2EC5257B569500B99C37 /* LaunchScreen.storyboard */; };
		6DEB2ED2257B569500B99C37 /* RibsDogTests.swift in Sources */ = {isa = PBXBuildFile; fileRef = 6DEB2ED1257B569500B99C37 /* RibsDogTests.swift */; };
		6DEB2EDD257B569500B99C37 /* RibsDogUITests.swift in Sources */ = {isa = PBXBuildFile; fileRef = 6DEB2EDC257B569500B99C37 /* RibsDogUITests.swift */; };
		6DF0643C25905B69000EA57C /* Game.swift in Sources */ = {isa = PBXBuildFile; fileRef = 6DF0643B25905B69000EA57C /* Game.swift */; };
		9A32930EB9F1ACEA5FC4C8AF /* Pods_RibsDog_RibsDogUITests.framework in Frameworks */ = {isa = PBXBuildFile; fileRef = F3664761BA0AF22BB165F6D8 /* Pods_RibsDog_RibsDogUITests.framework */; };
		9D866C2B395F3800206846B1 /* Pods_RibsDogTests.framework in Frameworks */ = {isa = PBXBuildFile; fileRef = 441B02D4B6C95F579304F323 /* Pods_RibsDogTests.framework */; };
		CA8E16030464252DB55914AE /* Pods_RibsDog.framework in Frameworks */ = {isa = PBXBuildFile; fileRef = C9558413B2ED1F208276C077 /* Pods_RibsDog.framework */; };
/* End PBXBuildFile section */

/* Begin PBXContainerItemProxy section */
		6DEB2ECE257B569500B99C37 /* PBXContainerItemProxy */ = {
			isa = PBXContainerItemProxy;
			containerPortal = 6DEB2EAC257B569400B99C37 /* Project object */;
			proxyType = 1;
			remoteGlobalIDString = 6DEB2EB3257B569400B99C37;
			remoteInfo = RibsDog;
		};
		6DEB2ED9257B569500B99C37 /* PBXContainerItemProxy */ = {
			isa = PBXContainerItemProxy;
			containerPortal = 6DEB2EAC257B569400B99C37 /* Project object */;
			proxyType = 1;
			remoteGlobalIDString = 6DEB2EB3257B569400B99C37;
			remoteInfo = RibsDog;
		};
/* End PBXContainerItemProxy section */

/* Begin PBXFileReference section */
		441B02D4B6C95F579304F323 /* Pods_RibsDogTests.framework */ = {isa = PBXFileReference; explicitFileType = wrapper.framework; includeInIndex = 0; path = Pods_RibsDogTests.framework; sourceTree = BUILT_PRODUCTS_DIR; };
		5B7C1364E6DAC32C7BC9121F /* Pods-RibsDog.debug.xcconfig */ = {isa = PBXFileReference; includeInIndex = 1; lastKnownFileType = text.xcconfig; name = "Pods-RibsDog.debug.xcconfig"; path = "Target Support Files/Pods-RibsDog/Pods-RibsDog.debug.xcconfig"; sourceTree = "<group>"; };
		6D354E222588C9B600950FC7 /* OffGameRouter.swift */ = {isa = PBXFileReference; lastKnownFileType = sourcecode.swift; path = OffGameRouter.swift; sourceTree = "<group>"; };
		6D354E232588C9B600950FC7 /* OffGameViewController.storyboard */ = {isa = PBXFileReference; lastKnownFileType = file.storyboard; path = OffGameViewController.storyboard; sourceTree = "<group>"; };
		6D354E242588C9B600950FC7 /* OffGameViewController.swift */ = {isa = PBXFileReference; lastKnownFileType = sourcecode.swift; path = OffGameViewController.swift; sourceTree = "<group>"; };
		6D354E252588C9B600950FC7 /* OffGameBuilder.swift */ = {isa = PBXFileReference; lastKnownFileType = sourcecode.swift; path = OffGameBuilder.swift; sourceTree = "<group>"; };
		6D354E262588C9B600950FC7 /* OffGameInteractor.swift */ = {isa = PBXFileReference; lastKnownFileType = sourcecode.swift; path = OffGameInteractor.swift; sourceTree = "<group>"; };
		6D3AA00A2589DA3200228894 /* LoggedInComponent+OffGame.swift */ = {isa = PBXFileReference; lastKnownFileType = sourcecode.swift; path = "LoggedInComponent+OffGame.swift"; sourceTree = "<group>"; };
		6D3AA0202589E2E300228894 /* LoggedInComponent+TicTacToe.swift */ = {isa = PBXFileReference; lastKnownFileType = sourcecode.swift; path = "LoggedInComponent+TicTacToe.swift"; sourceTree = "<group>"; };
		6D66B5A92588883300B2878B /* RootComponent+LoggedOut.swift */ = {isa = PBXFileReference; lastKnownFileType = sourcecode.swift; path = "RootComponent+LoggedOut.swift"; sourceTree = "<group>"; };
		6D66B5B2258893BB00B2878B /* LoggedInRouter.swift */ = {isa = PBXFileReference; lastKnownFileType = sourcecode.swift; path = LoggedInRouter.swift; sourceTree = "<group>"; };
		6D66B5B3258893BB00B2878B /* LoggedInBuilder.swift */ = {isa = PBXFileReference; lastKnownFileType = sourcecode.swift; path = LoggedInBuilder.swift; sourceTree = "<group>"; };
		6D66B5B4258893BB00B2878B /* LoggedInInteractor.swift */ = {isa = PBXFileReference; lastKnownFileType = sourcecode.swift; path = LoggedInInteractor.swift; sourceTree = "<group>"; };
		6D66B5C12588948600B2878B /* RootComponent+LoggedIn.swift */ = {isa = PBXFileReference; lastKnownFileType = sourcecode.swift; path = "RootComponent+LoggedIn.swift"; sourceTree = "<group>"; };
		6D7B7B01258ADC9900AD108B /* TicTacToeRouter.swift */ = {isa = PBXFileReference; lastKnownFileType = sourcecode.swift; path = TicTacToeRouter.swift; sourceTree = "<group>"; };
		6D7B7B02258ADC9900AD108B /* TicTacToeViewController.storyboard */ = {isa = PBXFileReference; lastKnownFileType = file.storyboard; path = TicTacToeViewController.storyboard; sourceTree = "<group>"; };
		6D7B7B03258ADC9900AD108B /* TicTacToeViewController.swift */ = {isa = PBXFileReference; lastKnownFileType = sourcecode.swift; path = TicTacToeViewController.swift; sourceTree = "<group>"; };
		6D7B7B04258ADC9900AD108B /* TicTacToeBuilder.swift */ = {isa = PBXFileReference; lastKnownFileType = sourcecode.swift; path = TicTacToeBuilder.swift; sourceTree = "<group>"; };
		6D7B7B05258ADC9900AD108B /* TicTacToeInteractor.swift */ = {isa = PBXFileReference; lastKnownFileType = sourcecode.swift; path = TicTacToeInteractor.swift; sourceTree = "<group>"; };
		6D7B7B0E258ADD1500AD108B /* TicTacToeCell.swift */ = {isa = PBXFileReference; lastKnownFileType = sourcecode.swift; path = TicTacToeCell.swift; sourceTree = "<group>"; };
		6D7B7B1C258AE2B000AD108B /* TicTacToeFlowLayout.swift */ = {isa = PBXFileReference; lastKnownFileType = sourcecode.swift; path = TicTacToeFlowLayout.swift; sourceTree = "<group>"; };
		6D7B7B2F258B14B500AD108B /* PlayerType.swift */ = {isa = PBXFileReference; lastKnownFileType = sourcecode.swift; path = PlayerType.swift; sourceTree = "<group>"; };
		6D832C8C258E1CEC0006CBCF /* TicTacToeAdapter.swift */ = {isa = PBXFileReference; lastKnownFileType = sourcecode.swift; path = TicTacToeAdapter.swift; sourceTree = "<group>"; };
		6D8679ED25A99AB100206239 /* LoggedInInteractorTests.swift */ = {isa = PBXFileReference; lastKnownFileType = sourcecode.swift; path = LoggedInInteractorTests.swift; sourceTree = "<group>"; };
		6D8679FB25A9BD0C00206239 /* LoggedInMocks.swift */ = {isa = PBXFileReference; lastKnownFileType = sourcecode.swift; path = LoggedInMocks.swift; sourceTree = "<group>"; };
		6D9FC3E125887DE50094CE3C /* RootRouter.swift */ = {isa = PBXFileReference; lastKnownFileType = sourcecode.swift; path = RootRouter.swift; sourceTree = "<group>"; };
		6D9FC3E225887DE50094CE3C /* RootViewController.swift */ = {isa = PBXFileReference; lastKnownFileType = sourcecode.swift; path = RootViewController.swift; sourceTree = "<group>"; };
		6D9FC3E325887DE50094CE3C /* RootBuilder.swift */ = {isa = PBXFileReference; lastKnownFileType = sourcecode.swift; path = RootBuilder.swift; sourceTree = "<group>"; };
		6D9FC3E425887DE50094CE3C /* RootInteractor.swift */ = {isa = PBXFileReference; lastKnownFileType = sourcecode.swift; path = RootInteractor.swift; sourceTree = "<group>"; };
		6D9FC3F325887FCC0094CE3C /* AppComponent.swift */ = {isa = PBXFileReference; lastKnownFileType = sourcecode.swift; path = AppComponent.swift; sourceTree = "<group>"; };
		6D9FC410258884460094CE3C /* LoggedOutRouter.swift */ = {isa = PBXFileReference; lastKnownFileType = sourcecode.swift; path = LoggedOutRouter.swift; sourceTree = "<group>"; };
		6D9FC411258884460094CE3C /* LoggedOutViewController.storyboard */ = {isa = PBXFileReference; lastKnownFileType = file.storyboard; path = LoggedOutViewController.storyboard; sourceTree = "<group>"; };
		6D9FC412258884460094CE3C /* LoggedOutViewController.swift */ = {isa = PBXFileReference; lastKnownFileType = sourcecode.swift; path = LoggedOutViewController.swift; sourceTree = "<group>"; };
		6D9FC413258884460094CE3C /* LoggedOutBuilder.swift */ = {isa = PBXFileReference; lastKnownFileType = sourcecode.swift; path = LoggedOutBuilder.swift; sourceTree = "<group>"; };
		6D9FC414258884460094CE3C /* LoggedOutInteractor.swift */ = {isa = PBXFileReference; lastKnownFileType = sourcecode.swift; path = LoggedOutInteractor.swift; sourceTree = "<group>"; };
		6DEB2EB4257B569400B99C37 /* RibsDog.app */ = {isa = PBXFileReference; explicitFileType = wrapper.application; includeInIndex = 0; path = RibsDog.app; sourceTree = BUILT_PRODUCTS_DIR; };
		6DEB2EB7257B569400B99C37 /* AppDelegate.swift */ = {isa = PBXFileReference; lastKnownFileType = sourcecode.swift; path = AppDelegate.swift; sourceTree = "<group>"; };
		6DEB2EBE257B569400B99C37 /* Base */ = {isa = PBXFileReference; lastKnownFileType = file.storyboard; name = Base; path = Base.lproj/Main.storyboard; sourceTree = "<group>"; };
		6DEB2EC1257B569400B99C37 /* RibsDog.xcdatamodel */ = {isa = PBXFileReference; lastKnownFileType = wrapper.xcdatamodel; path = RibsDog.xcdatamodel; sourceTree = "<group>"; };
		6DEB2EC3257B569500B99C37 /* Assets.xcassets */ = {isa = PBXFileReference; lastKnownFileType = folder.assetcatalog; path = Assets.xcassets; sourceTree = "<group>"; };
		6DEB2EC6257B569500B99C37 /* Base */ = {isa = PBXFileReference; lastKnownFileType = file.storyboard; name = Base; path = Base.lproj/LaunchScreen.storyboard; sourceTree = "<group>"; };
		6DEB2EC8257B569500B99C37 /* Info.plist */ = {isa = PBXFileReference; lastKnownFileType = text.plist.xml; path = Info.plist; sourceTree = "<group>"; };
		6DEB2ECD257B569500B99C37 /* RibsDogTests.xctest */ = {isa = PBXFileReference; explicitFileType = wrapper.cfbundle; includeInIndex = 0; path = RibsDogTests.xctest; sourceTree = BUILT_PRODUCTS_DIR; };
		6DEB2ED1257B569500B99C37 /* RibsDogTests.swift */ = {isa = PBXFileReference; lastKnownFileType = sourcecode.swift; path = RibsDogTests.swift; sourceTree = "<group>"; };
		6DEB2ED3257B569500B99C37 /* Info.plist */ = {isa = PBXFileReference; lastKnownFileType = text.plist.xml; path = Info.plist; sourceTree = "<group>"; };
		6DEB2ED8257B569500B99C37 /* RibsDogUITests.xctest */ = {isa = PBXFileReference; explicitFileType = wrapper.cfbundle; includeInIndex = 0; path = RibsDogUITests.xctest; sourceTree = BUILT_PRODUCTS_DIR; };
		6DEB2EDC257B569500B99C37 /* RibsDogUITests.swift */ = {isa = PBXFileReference; lastKnownFileType = sourcecode.swift; path = RibsDogUITests.swift; sourceTree = "<group>"; };
		6DEB2EDE257B569500B99C37 /* Info.plist */ = {isa = PBXFileReference; lastKnownFileType = text.plist.xml; path = Info.plist; sourceTree = "<group>"; };
		6DF0643B25905B69000EA57C /* Game.swift */ = {isa = PBXFileReference; lastKnownFileType = sourcecode.swift; path = Game.swift; sourceTree = "<group>"; };
		77DC73E52E535E14BA6E9C35 /* Pods-RibsDog-RibsDogUITests.debug.xcconfig */ = {isa = PBXFileReference; includeInIndex = 1; lastKnownFileType = text.xcconfig; name = "Pods-RibsDog-RibsDogUITests.debug.xcconfig"; path = "Target Support Files/Pods-RibsDog-RibsDogUITests/Pods-RibsDog-RibsDogUITests.debug.xcconfig"; sourceTree = "<group>"; };
		77F6D6D0AA59B5876201740B /* Pods-RibsDog.release.xcconfig */ = {isa = PBXFileReference; includeInIndex = 1; lastKnownFileType = text.xcconfig; name = "Pods-RibsDog.release.xcconfig"; path = "Target Support Files/Pods-RibsDog/Pods-RibsDog.release.xcconfig"; sourceTree = "<group>"; };
		A2C7A2454A192B4414DA5B7C /* Pods-RibsDog-RibsDogUITests.release.xcconfig */ = {isa = PBXFileReference; includeInIndex = 1; lastKnownFileType = text.xcconfig; name = "Pods-RibsDog-RibsDogUITests.release.xcconfig"; path = "Target Support Files/Pods-RibsDog-RibsDogUITests/Pods-RibsDog-RibsDogUITests.release.xcconfig"; sourceTree = "<group>"; };
		C9558413B2ED1F208276C077 /* Pods_RibsDog.framework */ = {isa = PBXFileReference; explicitFileType = wrapper.framework; includeInIndex = 0; path = Pods_RibsDog.framework; sourceTree = BUILT_PRODUCTS_DIR; };
		DE6A96DA2F8EBCE5394291ED /* Pods-RibsDogTests.release.xcconfig */ = {isa = PBXFileReference; includeInIndex = 1; lastKnownFileType = text.xcconfig; name = "Pods-RibsDogTests.release.xcconfig"; path = "Target Support Files/Pods-RibsDogTests/Pods-RibsDogTests.release.xcconfig"; sourceTree = "<group>"; };
		F3664761BA0AF22BB165F6D8 /* Pods_RibsDog_RibsDogUITests.framework */ = {isa = PBXFileReference; explicitFileType = wrapper.framework; includeInIndex = 0; path = Pods_RibsDog_RibsDogUITests.framework; sourceTree = BUILT_PRODUCTS_DIR; };
		F7B1624DC2BCC656CFB3D2A7 /* Pods-RibsDogTests.debug.xcconfig */ = {isa = PBXFileReference; includeInIndex = 1; lastKnownFileType = text.xcconfig; name = "Pods-RibsDogTests.debug.xcconfig"; path = "Target Support Files/Pods-RibsDogTests/Pods-RibsDogTests.debug.xcconfig"; sourceTree = "<group>"; };
/* End PBXFileReference section */

/* Begin PBXFrameworksBuildPhase section */
		6DEB2EB1257B569400B99C37 /* Frameworks */ = {
			isa = PBXFrameworksBuildPhase;
			buildActionMask = 2147483647;
			files = (
				CA8E16030464252DB55914AE /* Pods_RibsDog.framework in Frameworks */,
			);
			runOnlyForDeploymentPostprocessing = 0;
		};
		6DEB2ECA257B569500B99C37 /* Frameworks */ = {
			isa = PBXFrameworksBuildPhase;
			buildActionMask = 2147483647;
			files = (
				9D866C2B395F3800206846B1 /* Pods_RibsDogTests.framework in Frameworks */,
			);
			runOnlyForDeploymentPostprocessing = 0;
		};
		6DEB2ED5257B569500B99C37 /* Frameworks */ = {
			isa = PBXFrameworksBuildPhase;
			buildActionMask = 2147483647;
			files = (
				9A32930EB9F1ACEA5FC4C8AF /* Pods_RibsDog_RibsDogUITests.framework in Frameworks */,
			);
			runOnlyForDeploymentPostprocessing = 0;
		};
/* End PBXFrameworksBuildPhase section */

/* Begin PBXGroup section */
		6D227912258DEA1E00B4AEB5 /* Resources */ = {
			isa = PBXGroup;
			children = (
				6DEB2EC3257B569500B99C37 /* Assets.xcassets */,
			);
			path = Resources;
			sourceTree = "<group>";
		};
		6D354E062588C8FF00950FC7 /* OffGame */ = {
			isa = PBXGroup;
			children = (
				6D354E252588C9B600950FC7 /* OffGameBuilder.swift */,
				6D354E262588C9B600950FC7 /* OffGameInteractor.swift */,
				6D354E222588C9B600950FC7 /* OffGameRouter.swift */,
				6D354E232588C9B600950FC7 /* OffGameViewController.storyboard */,
				6D354E242588C9B600950FC7 /* OffGameViewController.swift */,
			);
			path = OffGame;
			sourceTree = "<group>";
		};
		6D66B5B12588939D00B2878B /* LoggedIn */ = {
			isa = PBXGroup;
			children = (
				6D66B5B3258893BB00B2878B /* LoggedInBuilder.swift */,
				6D3AA00A2589DA3200228894 /* LoggedInComponent+OffGame.swift */,
				6D3AA0202589E2E300228894 /* LoggedInComponent+TicTacToe.swift */,
				6D66B5B4258893BB00B2878B /* LoggedInInteractor.swift */,
				6D66B5B2258893BB00B2878B /* LoggedInRouter.swift */,
				6D832C8C258E1CEC0006CBCF /* TicTacToeAdapter.swift */,
			);
			path = LoggedIn;
			sourceTree = "<group>";
		};
		6D7B7B00258ADC7300AD108B /* TicTacToe */ = {
			isa = PBXGroup;
			children = (
				6D7B7B04258ADC9900AD108B /* TicTacToeBuilder.swift */,
				6D7B7B0E258ADD1500AD108B /* TicTacToeCell.swift */,
				6D7B7B1C258AE2B000AD108B /* TicTacToeFlowLayout.swift */,
				6D7B7B05258ADC9900AD108B /* TicTacToeInteractor.swift */,
				6D7B7B01258ADC9900AD108B /* TicTacToeRouter.swift */,
				6D7B7B02258ADC9900AD108B /* TicTacToeViewController.storyboard */,
				6D7B7B03258ADC9900AD108B /* TicTacToeViewController.swift */,
			);
			path = TicTacToe;
			sourceTree = "<group>";
		};
		6D7B7B2E258B14A300AD108B /* Models */ = {
			isa = PBXGroup;
			children = (
				6D7B7B2F258B14B500AD108B /* PlayerType.swift */,
			);
			path = Models;
			sourceTree = "<group>";
		};
		6D8679EC25A99A8A00206239 /* Interactors */ = {
			isa = PBXGroup;
			children = (
				6D8679ED25A99AB100206239 /* LoggedInInteractorTests.swift */,
				6D8679FB25A9BD0C00206239 /* LoggedInMocks.swift */,
			);
			path = Interactors;
			sourceTree = "<group>";
		};
		6D9FC3E025887DD20094CE3C /* Root */ = {
			isa = PBXGroup;
			children = (
				6D9FC3E325887DE50094CE3C /* RootBuilder.swift */,
				6D66B5C12588948600B2878B /* RootComponent+LoggedIn.swift */,
				6D66B5A92588883300B2878B /* RootComponent+LoggedOut.swift */,
				6D9FC3E425887DE50094CE3C /* RootInteractor.swift */,
				6D9FC3E125887DE50094CE3C /* RootRouter.swift */,
				6D9FC3E225887DE50094CE3C /* RootViewController.swift */,
			);
			path = Root;
			sourceTree = "<group>";
		};
		6D9FC3F225887FB00094CE3C /* AppStart */ = {
			isa = PBXGroup;
			children = (
				6D9FC3F325887FCC0094CE3C /* AppComponent.swift */,
				6DEB2EB7257B569400B99C37 /* AppDelegate.swift */,
				6DEB2EC5257B569500B99C37 /* LaunchScreen.storyboard */,
				6DEB2EBD257B569400B99C37 /* Main.storyboard */,
			);
			path = AppStart;
			sourceTree = "<group>";
		};
		6D9FC40F258884340094CE3C /* LoggedOut */ = {
			isa = PBXGroup;
			children = (
				6D9FC413258884460094CE3C /* LoggedOutBuilder.swift */,
				6D9FC414258884460094CE3C /* LoggedOutInteractor.swift */,
				6D9FC410258884460094CE3C /* LoggedOutRouter.swift */,
				6D9FC411258884460094CE3C /* LoggedOutViewController.storyboard */,
				6D9FC412258884460094CE3C /* LoggedOutViewController.swift */,
			);
			path = LoggedOut;
			sourceTree = "<group>";
		};
		6DEB2EAB257B569400B99C37 = {
			isa = PBXGroup;
			children = (
				6DEB2EB6257B569400B99C37 /* RibsDog */,
				6DEB2ED0257B569500B99C37 /* RibsDogTests */,
				6DEB2EDB257B569500B99C37 /* RibsDogUITests */,
				6DEB2EB5257B569400B99C37 /* Products */,
				96AA080A764579A02F95CE9E /* Pods */,
				8A87B235E393A4E210720AF4 /* Frameworks */,
			);
			sourceTree = "<group>";
		};
		6DEB2EB5257B569400B99C37 /* Products */ = {
			isa = PBXGroup;
			children = (
				6DEB2EB4257B569400B99C37 /* RibsDog.app */,
				6DEB2ECD257B569500B99C37 /* RibsDogTests.xctest */,
				6DEB2ED8257B569500B99C37 /* RibsDogUITests.xctest */,
			);
			name = Products;
			sourceTree = "<group>";
		};
		6DEB2EB6257B569400B99C37 /* RibsDog */ = {
			isa = PBXGroup;
			children = (
				6D9FC3F225887FB00094CE3C /* AppStart */,
				6DF0643A25905B59000EA57C /* Game */,
				6DEB2EC8257B569500B99C37 /* Info.plist */,
				6D66B5B12588939D00B2878B /* LoggedIn */,
				6D9FC40F258884340094CE3C /* LoggedOut */,
				6D7B7B2E258B14A300AD108B /* Models */,
				6D354E062588C8FF00950FC7 /* OffGame */,
				6D227912258DEA1E00B4AEB5 /* Resources */,
				6DEB2EC0257B569400B99C37 /* RibsDog.xcdatamodeld */,
				6D9FC3E025887DD20094CE3C /* Root */,
				6D7B7B00258ADC7300AD108B /* TicTacToe */,
			);
			path = RibsDog;
			sourceTree = "<group>";
		};
		6DEB2ED0257B569500B99C37 /* RibsDogTests */ = {
			isa = PBXGroup;
			children = (
				6D8679EC25A99A8A00206239 /* Interactors */,
				6DEB2ED1257B569500B99C37 /* RibsDogTests.swift */,
				6DEB2ED3257B569500B99C37 /* Info.plist */,
			);
			path = RibsDogTests;
			sourceTree = "<group>";
		};
		6DEB2EDB257B569500B99C37 /* RibsDogUITests */ = {
			isa = PBXGroup;
			children = (
				6DEB2EDC257B569500B99C37 /* RibsDogUITests.swift */,
				6DEB2EDE257B569500B99C37 /* Info.plist */,
			);
			path = RibsDogUITests;
			sourceTree = "<group>";
		};
		6DF0643A25905B59000EA57C /* Game */ = {
			isa = PBXGroup;
			children = (
				6DF0643B25905B69000EA57C /* Game.swift */,
			);
			path = Game;
			sourceTree = "<group>";
		};
		8A87B235E393A4E210720AF4 /* Frameworks */ = {
			isa = PBXGroup;
			children = (
				C9558413B2ED1F208276C077 /* Pods_RibsDog.framework */,
				F3664761BA0AF22BB165F6D8 /* Pods_RibsDog_RibsDogUITests.framework */,
				441B02D4B6C95F579304F323 /* Pods_RibsDogTests.framework */,
			);
			name = Frameworks;
			sourceTree = "<group>";
		};
		96AA080A764579A02F95CE9E /* Pods */ = {
			isa = PBXGroup;
			children = (
				5B7C1364E6DAC32C7BC9121F /* Pods-RibsDog.debug.xcconfig */,
				77F6D6D0AA59B5876201740B /* Pods-RibsDog.release.xcconfig */,
				77DC73E52E535E14BA6E9C35 /* Pods-RibsDog-RibsDogUITests.debug.xcconfig */,
				A2C7A2454A192B4414DA5B7C /* Pods-RibsDog-RibsDogUITests.release.xcconfig */,
				F7B1624DC2BCC656CFB3D2A7 /* Pods-RibsDogTests.debug.xcconfig */,
				DE6A96DA2F8EBCE5394291ED /* Pods-RibsDogTests.release.xcconfig */,
			);
			path = Pods;
			sourceTree = "<group>";
		};
/* End PBXGroup section */

/* Begin PBXNativeTarget section */
		6DEB2EB3257B569400B99C37 /* RibsDog */ = {
			isa = PBXNativeTarget;
			buildConfigurationList = 6DEB2EE1257B569500B99C37 /* Build configuration list for PBXNativeTarget "RibsDog" */;
			buildPhases = (
				4384614CB1F696C2158B1887 /* [CP] Check Pods Manifest.lock */,
				6DEB2EB0257B569400B99C37 /* Sources */,
				6DEB2EB1257B569400B99C37 /* Frameworks */,
				6DEB2EB2257B569400B99C37 /* Resources */,
				B4B96B3F8EED4C25032813D1 /* [CP] Embed Pods Frameworks */,
			);
			buildRules = (
			);
			dependencies = (
			);
			name = RibsDog;
			productName = RibsDog;
			productReference = 6DEB2EB4257B569400B99C37 /* RibsDog.app */;
			productType = "com.apple.product-type.application";
		};
		6DEB2ECC257B569500B99C37 /* RibsDogTests */ = {
			isa = PBXNativeTarget;
			buildConfigurationList = 6DEB2EE4257B569500B99C37 /* Build configuration list for PBXNativeTarget "RibsDogTests" */;
			buildPhases = (
				9E7EDB1A2A8872FAB34F8DFF /* [CP] Check Pods Manifest.lock */,
				6DEB2EC9257B569500B99C37 /* Sources */,
				6DEB2ECA257B569500B99C37 /* Frameworks */,
				6DEB2ECB257B569500B99C37 /* Resources */,
				60B20FF80DA427E550997EA3 /* [CP] Embed Pods Frameworks */,
			);
			buildRules = (
			);
			dependencies = (
				6DEB2ECF257B569500B99C37 /* PBXTargetDependency */,
			);
			name = RibsDogTests;
			productName = RibsDogTests;
			productReference = 6DEB2ECD257B569500B99C37 /* RibsDogTests.xctest */;
			productType = "com.apple.product-type.bundle.unit-test";
		};
		6DEB2ED7257B569500B99C37 /* RibsDogUITests */ = {
			isa = PBXNativeTarget;
			buildConfigurationList = 6DEB2EE7257B569500B99C37 /* Build configuration list for PBXNativeTarget "RibsDogUITests" */;
			buildPhases = (
				10BFABA5BDC36D2F441109DA /* [CP] Check Pods Manifest.lock */,
				6DEB2ED4257B569500B99C37 /* Sources */,
				6DEB2ED5257B569500B99C37 /* Frameworks */,
				6DEB2ED6257B569500B99C37 /* Resources */,
				920257DDD36DC148E9FF990E /* [CP] Embed Pods Frameworks */,
			);
			buildRules = (
			);
			dependencies = (
				6DEB2EDA257B569500B99C37 /* PBXTargetDependency */,
			);
			name = RibsDogUITests;
			productName = RibsDogUITests;
			productReference = 6DEB2ED8257B569500B99C37 /* RibsDogUITests.xctest */;
			productType = "com.apple.product-type.bundle.ui-testing";
		};
/* End PBXNativeTarget section */

/* Begin PBXProject section */
		6DEB2EAC257B569400B99C37 /* Project object */ = {
			isa = PBXProject;
			attributes = {
				LastSwiftUpdateCheck = 1220;
				LastUpgradeCheck = 1220;
				ORGANIZATIONNAME = help.nyon;
				TargetAttributes = {
					6DEB2EB3257B569400B99C37 = {
						CreatedOnToolsVersion = 12.2;
					};
					6DEB2ECC257B569500B99C37 = {
						CreatedOnToolsVersion = 12.2;
						TestTargetID = 6DEB2EB3257B569400B99C37;
					};
					6DEB2ED7257B569500B99C37 = {
						CreatedOnToolsVersion = 12.2;
						TestTargetID = 6DEB2EB3257B569400B99C37;
					};
				};
			};
			buildConfigurationList = 6DEB2EAF257B569400B99C37 /* Build configuration list for PBXProject "RibsDog" */;
			compatibilityVersion = "Xcode 9.3";
			developmentRegion = en;
			hasScannedForEncodings = 0;
			knownRegions = (
				en,
				Base,
			);
			mainGroup = 6DEB2EAB257B569400B99C37;
			productRefGroup = 6DEB2EB5257B569400B99C37 /* Products */;
			projectDirPath = "";
			projectRoot = "";
			targets = (
				6DEB2EB3257B569400B99C37 /* RibsDog */,
				6DEB2ECC257B569500B99C37 /* RibsDogTests */,
				6DEB2ED7257B569500B99C37 /* RibsDogUITests */,
			);
		};
/* End PBXProject section */

/* Begin PBXResourcesBuildPhase section */
		6DEB2EB2257B569400B99C37 /* Resources */ = {
			isa = PBXResourcesBuildPhase;
			buildActionMask = 2147483647;
			files = (
				6DEB2EC7257B569500B99C37 /* LaunchScreen.storyboard in Resources */,
				6D7B7B07258ADC9900AD108B /* TicTacToeViewController.storyboard in Resources */,
				6DEB2EC4257B569500B99C37 /* Assets.xcassets in Resources */,
				6D9FC416258884460094CE3C /* LoggedOutViewController.storyboard in Resources */,
				6DEB2EBF257B569400B99C37 /* Main.storyboard in Resources */,
				6D354E282588C9B600950FC7 /* OffGameViewController.storyboard in Resources */,
			);
			runOnlyForDeploymentPostprocessing = 0;
		};
		6DEB2ECB257B569500B99C37 /* Resources */ = {
			isa = PBXResourcesBuildPhase;
			buildActionMask = 2147483647;
			files = (
			);
			runOnlyForDeploymentPostprocessing = 0;
		};
		6DEB2ED6257B569500B99C37 /* Resources */ = {
			isa = PBXResourcesBuildPhase;
			buildActionMask = 2147483647;
			files = (
			);
			runOnlyForDeploymentPostprocessing = 0;
		};
/* End PBXResourcesBuildPhase section */

/* Begin PBXShellScriptBuildPhase section */
		10BFABA5BDC36D2F441109DA /* [CP] Check Pods Manifest.lock */ = {
			isa = PBXShellScriptBuildPhase;
			buildActionMask = 2147483647;
			files = (
			);
			inputFileListPaths = (
			);
			inputPaths = (
				"${PODS_PODFILE_DIR_PATH}/Podfile.lock",
				"${PODS_ROOT}/Manifest.lock",
			);
			name = "[CP] Check Pods Manifest.lock";
			outputFileListPaths = (
			);
			outputPaths = (
				"$(DERIVED_FILE_DIR)/Pods-RibsDog-RibsDogUITests-checkManifestLockResult.txt",
			);
			runOnlyForDeploymentPostprocessing = 0;
			shellPath = /bin/sh;
			shellScript = "diff \"${PODS_PODFILE_DIR_PATH}/Podfile.lock\" \"${PODS_ROOT}/Manifest.lock\" > /dev/null\nif [ $? != 0 ] ; then\n    # print error to STDERR\n    echo \"error: The sandbox is not in sync with the Podfile.lock. Run 'pod install' or update your CocoaPods installation.\" >&2\n    exit 1\nfi\n# This output is used by Xcode 'outputs' to avoid re-running this script phase.\necho \"SUCCESS\" > \"${SCRIPT_OUTPUT_FILE_0}\"\n";
			showEnvVarsInLog = 0;
		};
		4384614CB1F696C2158B1887 /* [CP] Check Pods Manifest.lock */ = {
			isa = PBXShellScriptBuildPhase;
			buildActionMask = 2147483647;
			files = (
			);
			inputFileListPaths = (
			);
			inputPaths = (
				"${PODS_PODFILE_DIR_PATH}/Podfile.lock",
				"${PODS_ROOT}/Manifest.lock",
			);
			name = "[CP] Check Pods Manifest.lock";
			outputFileListPaths = (
			);
			outputPaths = (
				"$(DERIVED_FILE_DIR)/Pods-RibsDog-checkManifestLockResult.txt",
			);
			runOnlyForDeploymentPostprocessing = 0;
			shellPath = /bin/sh;
			shellScript = "diff \"${PODS_PODFILE_DIR_PATH}/Podfile.lock\" \"${PODS_ROOT}/Manifest.lock\" > /dev/null\nif [ $? != 0 ] ; then\n    # print error to STDERR\n    echo \"error: The sandbox is not in sync with the Podfile.lock. Run 'pod install' or update your CocoaPods installation.\" >&2\n    exit 1\nfi\n# This output is used by Xcode 'outputs' to avoid re-running this script phase.\necho \"SUCCESS\" > \"${SCRIPT_OUTPUT_FILE_0}\"\n";
			showEnvVarsInLog = 0;
		};
		60B20FF80DA427E550997EA3 /* [CP] Embed Pods Frameworks */ = {
			isa = PBXShellScriptBuildPhase;
			buildActionMask = 2147483647;
			files = (
			);
			inputFileListPaths = (
				"${PODS_ROOT}/Target Support Files/Pods-RibsDogTests/Pods-RibsDogTests-frameworks-${CONFIGURATION}-input-files.xcfilelist",
			);
			name = "[CP] Embed Pods Frameworks";
			outputFileListPaths = (
				"${PODS_ROOT}/Target Support Files/Pods-RibsDogTests/Pods-RibsDogTests-frameworks-${CONFIGURATION}-output-files.xcfilelist",
			);
			runOnlyForDeploymentPostprocessing = 0;
			shellPath = /bin/sh;
			shellScript = "\"${PODS_ROOT}/Target Support Files/Pods-RibsDogTests/Pods-RibsDogTests-frameworks.sh\"\n";
			showEnvVarsInLog = 0;
		};
		920257DDD36DC148E9FF990E /* [CP] Embed Pods Frameworks */ = {
			isa = PBXShellScriptBuildPhase;
			buildActionMask = 2147483647;
			files = (
			);
			inputFileListPaths = (
				"${PODS_ROOT}/Target Support Files/Pods-RibsDog-RibsDogUITests/Pods-RibsDog-RibsDogUITests-frameworks-${CONFIGURATION}-input-files.xcfilelist",
			);
			name = "[CP] Embed Pods Frameworks";
			outputFileListPaths = (
				"${PODS_ROOT}/Target Support Files/Pods-RibsDog-RibsDogUITests/Pods-RibsDog-RibsDogUITests-frameworks-${CONFIGURATION}-output-files.xcfilelist",
			);
			runOnlyForDeploymentPostprocessing = 0;
			shellPath = /bin/sh;
			shellScript = "\"${PODS_ROOT}/Target Support Files/Pods-RibsDog-RibsDogUITests/Pods-RibsDog-RibsDogUITests-frameworks.sh\"\n";
			showEnvVarsInLog = 0;
		};
		9E7EDB1A2A8872FAB34F8DFF /* [CP] Check Pods Manifest.lock */ = {
			isa = PBXShellScriptBuildPhase;
			buildActionMask = 2147483647;
			files = (
			);
			inputFileListPaths = (
			);
			inputPaths = (
				"${PODS_PODFILE_DIR_PATH}/Podfile.lock",
				"${PODS_ROOT}/Manifest.lock",
			);
			name = "[CP] Check Pods Manifest.lock";
			outputFileListPaths = (
			);
			outputPaths = (
				"$(DERIVED_FILE_DIR)/Pods-RibsDogTests-checkManifestLockResult.txt",
			);
			runOnlyForDeploymentPostprocessing = 0;
			shellPath = /bin/sh;
			shellScript = "diff \"${PODS_PODFILE_DIR_PATH}/Podfile.lock\" \"${PODS_ROOT}/Manifest.lock\" > /dev/null\nif [ $? != 0 ] ; then\n    # print error to STDERR\n    echo \"error: The sandbox is not in sync with the Podfile.lock. Run 'pod install' or update your CocoaPods installation.\" >&2\n    exit 1\nfi\n# This output is used by Xcode 'outputs' to avoid re-running this script phase.\necho \"SUCCESS\" > \"${SCRIPT_OUTPUT_FILE_0}\"\n";
			showEnvVarsInLog = 0;
		};
		B4B96B3F8EED4C25032813D1 /* [CP] Embed Pods Frameworks */ = {
			isa = PBXShellScriptBuildPhase;
			buildActionMask = 2147483647;
			files = (
			);
			inputFileListPaths = (
				"${PODS_ROOT}/Target Support Files/Pods-RibsDog/Pods-RibsDog-frameworks-${CONFIGURATION}-input-files.xcfilelist",
			);
			name = "[CP] Embed Pods Frameworks";
			outputFileListPaths = (
				"${PODS_ROOT}/Target Support Files/Pods-RibsDog/Pods-RibsDog-frameworks-${CONFIGURATION}-output-files.xcfilelist",
			);
			runOnlyForDeploymentPostprocessing = 0;
			shellPath = /bin/sh;
			shellScript = "\"${PODS_ROOT}/Target Support Files/Pods-RibsDog/Pods-RibsDog-frameworks.sh\"\n";
			showEnvVarsInLog = 0;
		};
/* End PBXShellScriptBuildPhase section */

/* Begin PBXSourcesBuildPhase section */
		6DEB2EB0257B569400B99C37 /* Sources */ = {
			isa = PBXSourcesBuildPhase;
			buildActionMask = 2147483647;
			files = (
				6D9FC3E625887DE50094CE3C /* RootViewController.swift in Sources */,
				6D9FC418258884460094CE3C /* LoggedOutBuilder.swift in Sources */,
				6D9FC3F425887FCC0094CE3C /* AppComponent.swift in Sources */,
				6D9FC3E525887DE50094CE3C /* RootRouter.swift in Sources */,
				6D66B5B6258893BB00B2878B /* LoggedInBuilder.swift in Sources */,
				6D9FC3E825887DE50094CE3C /* RootInteractor.swift in Sources */,
				6D354E2A2588C9B600950FC7 /* OffGameBuilder.swift in Sources */,
				6D7B7B0F258ADD1500AD108B /* TicTacToeCell.swift in Sources */,
				6D9FC419258884460094CE3C /* LoggedOutInteractor.swift in Sources */,
				6D7B7B1D258AE2B000AD108B /* TicTacToeFlowLayout.swift in Sources */,
				6D66B5B7258893BB00B2878B /* LoggedInInteractor.swift in Sources */,
				6D9FC415258884460094CE3C /* LoggedOutRouter.swift in Sources */,
				6D66B5AA2588883300B2878B /* RootComponent+LoggedOut.swift in Sources */,
				6D7B7B06258ADC9900AD108B /* TicTacToeRouter.swift in Sources */,
				6D7B7B30258B14B500AD108B /* PlayerType.swift in Sources */,
				6D3AA0212589E2E300228894 /* LoggedInComponent+TicTacToe.swift in Sources */,
				6D66B5C22588948600B2878B /* RootComponent+LoggedIn.swift in Sources */,
				6D354E272588C9B600950FC7 /* OffGameRouter.swift in Sources */,
				6D832C8D258E1CEC0006CBCF /* TicTacToeAdapter.swift in Sources */,
				6D66B5B5258893BB00B2878B /* LoggedInRouter.swift in Sources */,
				6D354E292588C9B600950FC7 /* OffGameViewController.swift in Sources */,
				6D354E2B2588C9B600950FC7 /* OffGameInteractor.swift in Sources */,
				6DF0643C25905B69000EA57C /* Game.swift in Sources */,
				6D7B7B08258ADC9900AD108B /* TicTacToeViewController.swift in Sources */,
				6DEB2EB8257B569400B99C37 /* AppDelegate.swift in Sources */,
				6DEB2EC2257B569400B99C37 /* RibsDog.xcdatamodeld in Sources */,
				6D3AA00B2589DA3200228894 /* LoggedInComponent+OffGame.swift in Sources */,
				6D9FC3E725887DE50094CE3C /* RootBuilder.swift in Sources */,
				6D9FC417258884460094CE3C /* LoggedOutViewController.swift in Sources */,
				6D7B7B09258ADC9900AD108B /* TicTacToeBuilder.swift in Sources */,
				6D7B7B0A258ADC9900AD108B /* TicTacToeInteractor.swift in Sources */,
			);
			runOnlyForDeploymentPostprocessing = 0;
		};
		6DEB2EC9257B569500B99C37 /* Sources */ = {
			isa = PBXSourcesBuildPhase;
			buildActionMask = 2147483647;
			files = (
				6D8679FC25A9BD0C00206239 /* LoggedInMocks.swift in Sources */,
				6D8679EE25A99AB100206239 /* LoggedInInteractorTests.swift in Sources */,
				6DEB2ED2257B569500B99C37 /* RibsDogTests.swift in Sources */,
			);
			runOnlyForDeploymentPostprocessing = 0;
		};
		6DEB2ED4257B569500B99C37 /* Sources */ = {
			isa = PBXSourcesBuildPhase;
			buildActionMask = 2147483647;
			files = (
				6DEB2EDD257B569500B99C37 /* RibsDogUITests.swift in Sources */,
			);
			runOnlyForDeploymentPostprocessing = 0;
		};
/* End PBXSourcesBuildPhase section */

/* Begin PBXTargetDependency section */
		6DEB2ECF257B569500B99C37 /* PBXTargetDependency */ = {
			isa = PBXTargetDependency;
			target = 6DEB2EB3257B569400B99C37 /* RibsDog */;
			targetProxy = 6DEB2ECE257B569500B99C37 /* PBXContainerItemProxy */;
		};
		6DEB2EDA257B569500B99C37 /* PBXTargetDependency */ = {
			isa = PBXTargetDependency;
			target = 6DEB2EB3257B569400B99C37 /* RibsDog */;
			targetProxy = 6DEB2ED9257B569500B99C37 /* PBXContainerItemProxy */;
		};
/* End PBXTargetDependency section */

/* Begin PBXVariantGroup section */
		6DEB2EBD257B569400B99C37 /* Main.storyboard */ = {
			isa = PBXVariantGroup;
			children = (
				6DEB2EBE257B569400B99C37 /* Base */,
			);
			name = Main.storyboard;
			sourceTree = "<group>";
		};
		6DEB2EC5257B569500B99C37 /* LaunchScreen.storyboard */ = {
			isa = PBXVariantGroup;
			children = (
				6DEB2EC6257B569500B99C37 /* Base */,
			);
			name = LaunchScreen.storyboard;
			sourceTree = "<group>";
		};
/* End PBXVariantGroup section */

/* Begin XCBuildConfiguration section */
		6DEB2EDF257B569500B99C37 /* Debug */ = {
			isa = XCBuildConfiguration;
			buildSettings = {
				ALWAYS_SEARCH_USER_PATHS = NO;
				CLANG_ANALYZER_NONNULL = YES;
				CLANG_ANALYZER_NUMBER_OBJECT_CONVERSION = YES_AGGRESSIVE;
				CLANG_CXX_LANGUAGE_STANDARD = "gnu++14";
				CLANG_CXX_LIBRARY = "libc++";
				CLANG_ENABLE_MODULES = YES;
				CLANG_ENABLE_OBJC_ARC = YES;
				CLANG_ENABLE_OBJC_WEAK = YES;
				CLANG_WARN_BLOCK_CAPTURE_AUTORELEASING = YES;
				CLANG_WARN_BOOL_CONVERSION = YES;
				CLANG_WARN_COMMA = YES;
				CLANG_WARN_CONSTANT_CONVERSION = YES;
				CLANG_WARN_DEPRECATED_OBJC_IMPLEMENTATIONS = YES;
				CLANG_WARN_DIRECT_OBJC_ISA_USAGE = YES_ERROR;
				CLANG_WARN_DOCUMENTATION_COMMENTS = YES;
				CLANG_WARN_EMPTY_BODY = YES;
				CLANG_WARN_ENUM_CONVERSION = YES;
				CLANG_WARN_INFINITE_RECURSION = YES;
				CLANG_WARN_INT_CONVERSION = YES;
				CLANG_WARN_NON_LITERAL_NULL_CONVERSION = YES;
				CLANG_WARN_OBJC_IMPLICIT_RETAIN_SELF = YES;
				CLANG_WARN_OBJC_LITERAL_CONVERSION = YES;
				CLANG_WARN_OBJC_ROOT_CLASS = YES_ERROR;
				CLANG_WARN_QUOTED_INCLUDE_IN_FRAMEWORK_HEADER = YES;
				CLANG_WARN_RANGE_LOOP_ANALYSIS = YES;
				CLANG_WARN_STRICT_PROTOTYPES = YES;
				CLANG_WARN_SUSPICIOUS_MOVE = YES;
				CLANG_WARN_UNGUARDED_AVAILABILITY = YES_AGGRESSIVE;
				CLANG_WARN_UNREACHABLE_CODE = YES;
				CLANG_WARN__DUPLICATE_METHOD_MATCH = YES;
				COPY_PHASE_STRIP = NO;
				DEBUG_INFORMATION_FORMAT = dwarf;
				ENABLE_STRICT_OBJC_MSGSEND = YES;
				ENABLE_TESTABILITY = YES;
				GCC_C_LANGUAGE_STANDARD = gnu11;
				GCC_DYNAMIC_NO_PIC = NO;
				GCC_NO_COMMON_BLOCKS = YES;
				GCC_OPTIMIZATION_LEVEL = 0;
				GCC_PREPROCESSOR_DEFINITIONS = (
					"DEBUG=1",
					"$(inherited)",
				);
				GCC_WARN_64_TO_32_BIT_CONVERSION = YES;
				GCC_WARN_ABOUT_RETURN_TYPE = YES_ERROR;
				GCC_WARN_UNDECLARED_SELECTOR = YES;
				GCC_WARN_UNINITIALIZED_AUTOS = YES_AGGRESSIVE;
				GCC_WARN_UNUSED_FUNCTION = YES;
				GCC_WARN_UNUSED_VARIABLE = YES;
				IPHONEOS_DEPLOYMENT_TARGET = 11.1;
				MTL_ENABLE_DEBUG_INFO = INCLUDE_SOURCE;
				MTL_FAST_MATH = YES;
				ONLY_ACTIVE_ARCH = YES;
				SDKROOT = iphoneos;
				SWIFT_ACTIVE_COMPILATION_CONDITIONS = DEBUG;
				SWIFT_OPTIMIZATION_LEVEL = "-Onone";
			};
			name = Debug;
		};
		6DEB2EE0257B569500B99C37 /* Release */ = {
			isa = XCBuildConfiguration;
			buildSettings = {
				ALWAYS_SEARCH_USER_PATHS = NO;
				CLANG_ANALYZER_NONNULL = YES;
				CLANG_ANALYZER_NUMBER_OBJECT_CONVERSION = YES_AGGRESSIVE;
				CLANG_CXX_LANGUAGE_STANDARD = "gnu++14";
				CLANG_CXX_LIBRARY = "libc++";
				CLANG_ENABLE_MODULES = YES;
				CLANG_ENABLE_OBJC_ARC = YES;
				CLANG_ENABLE_OBJC_WEAK = YES;
				CLANG_WARN_BLOCK_CAPTURE_AUTORELEASING = YES;
				CLANG_WARN_BOOL_CONVERSION = YES;
				CLANG_WARN_COMMA = YES;
				CLANG_WARN_CONSTANT_CONVERSION = YES;
				CLANG_WARN_DEPRECATED_OBJC_IMPLEMENTATIONS = YES;
				CLANG_WARN_DIRECT_OBJC_ISA_USAGE = YES_ERROR;
				CLANG_WARN_DOCUMENTATION_COMMENTS = YES;
				CLANG_WARN_EMPTY_BODY = YES;
				CLANG_WARN_ENUM_CONVERSION = YES;
				CLANG_WARN_INFINITE_RECURSION = YES;
				CLANG_WARN_INT_CONVERSION = YES;
				CLANG_WARN_NON_LITERAL_NULL_CONVERSION = YES;
				CLANG_WARN_OBJC_IMPLICIT_RETAIN_SELF = YES;
				CLANG_WARN_OBJC_LITERAL_CONVERSION = YES;
				CLANG_WARN_OBJC_ROOT_CLASS = YES_ERROR;
				CLANG_WARN_QUOTED_INCLUDE_IN_FRAMEWORK_HEADER = YES;
				CLANG_WARN_RANGE_LOOP_ANALYSIS = YES;
				CLANG_WARN_STRICT_PROTOTYPES = YES;
				CLANG_WARN_SUSPICIOUS_MOVE = YES;
				CLANG_WARN_UNGUARDED_AVAILABILITY = YES_AGGRESSIVE;
				CLANG_WARN_UNREACHABLE_CODE = YES;
				CLANG_WARN__DUPLICATE_METHOD_MATCH = YES;
				COPY_PHASE_STRIP = NO;
				DEBUG_INFORMATION_FORMAT = "dwarf-with-dsym";
				ENABLE_NS_ASSERTIONS = NO;
				ENABLE_STRICT_OBJC_MSGSEND = YES;
				GCC_C_LANGUAGE_STANDARD = gnu11;
				GCC_NO_COMMON_BLOCKS = YES;
				GCC_WARN_64_TO_32_BIT_CONVERSION = YES;
				GCC_WARN_ABOUT_RETURN_TYPE = YES_ERROR;
				GCC_WARN_UNDECLARED_SELECTOR = YES;
				GCC_WARN_UNINITIALIZED_AUTOS = YES_AGGRESSIVE;
				GCC_WARN_UNUSED_FUNCTION = YES;
				GCC_WARN_UNUSED_VARIABLE = YES;
				IPHONEOS_DEPLOYMENT_TARGET = 11.1;
				MTL_ENABLE_DEBUG_INFO = NO;
				MTL_FAST_MATH = YES;
				SDKROOT = iphoneos;
				SWIFT_COMPILATION_MODE = wholemodule;
				SWIFT_OPTIMIZATION_LEVEL = "-O";
				VALIDATE_PRODUCT = YES;
			};
			name = Release;
		};
		6DEB2EE2257B569500B99C37 /* Debug */ = {
			isa = XCBuildConfiguration;
			baseConfigurationReference = 5B7C1364E6DAC32C7BC9121F /* Pods-RibsDog.debug.xcconfig */;
			buildSettings = {
				ASSETCATALOG_COMPILER_APPICON_NAME = AppIcon;
				ASSETCATALOG_COMPILER_GLOBAL_ACCENT_COLOR_NAME = AccentColor;
				CODE_SIGN_STYLE = Automatic;
				DEVELOPMENT_TEAM = 8CABCZMNNS;
				ENABLE_BITCODE = NO;
				INFOPLIST_FILE = RibsDog/Info.plist;
				IPHONEOS_DEPLOYMENT_TARGET = 11.1;
				LD_RUNPATH_SEARCH_PATHS = (
					"$(inherited)",
					"@executable_path/Frameworks",
				);
				PRODUCT_BUNDLE_IDENTIFIER = com.nyon.RibsDog;
				PRODUCT_NAME = "$(TARGET_NAME)";
				SWIFT_VERSION = 5.0;
				TARGETED_DEVICE_FAMILY = "1,2";
			};
			name = Debug;
		};
		6DEB2EE3257B569500B99C37 /* Release */ = {
			isa = XCBuildConfiguration;
			baseConfigurationReference = 77F6D6D0AA59B5876201740B /* Pods-RibsDog.release.xcconfig */;
			buildSettings = {
				ASSETCATALOG_COMPILER_APPICON_NAME = AppIcon;
				ASSETCATALOG_COMPILER_GLOBAL_ACCENT_COLOR_NAME = AccentColor;
				CODE_SIGN_STYLE = Automatic;
				DEVELOPMENT_TEAM = 8CABCZMNNS;
				ENABLE_BITCODE = NO;
				INFOPLIST_FILE = RibsDog/Info.plist;
				IPHONEOS_DEPLOYMENT_TARGET = 11.1;
				LD_RUNPATH_SEARCH_PATHS = (
					"$(inherited)",
					"@executable_path/Frameworks",
				);
				PRODUCT_BUNDLE_IDENTIFIER = com.nyon.RibsDog;
				PRODUCT_NAME = "$(TARGET_NAME)";
				SWIFT_VERSION = 5.0;
				TARGETED_DEVICE_FAMILY = "1,2";
			};
			name = Release;
		};
		6DEB2EE5257B569500B99C37 /* Debug */ = {
			isa = XCBuildConfiguration;
			baseConfigurationReference = F7B1624DC2BCC656CFB3D2A7 /* Pods-RibsDogTests.debug.xcconfig */;
			buildSettings = {
				ALWAYS_EMBED_SWIFT_STANDARD_LIBRARIES = YES;
				BUNDLE_LOADER = "$(TEST_HOST)";
				CODE_SIGN_STYLE = Automatic;
				DEVELOPMENT_TEAM = 8CABCZMNNS;
				INFOPLIST_FILE = RibsDogTests/Info.plist;
				IPHONEOS_DEPLOYMENT_TARGET = 14.2;
				LD_RUNPATH_SEARCH_PATHS = (
					"$(inherited)",
					"@executable_path/Frameworks",
					"@loader_path/Frameworks",
				);
				ONLY_ACTIVE_ARCH = YES;
				PRODUCT_BUNDLE_IDENTIFIER = com.nyon.RibsDogTests;
				PRODUCT_NAME = "$(TARGET_NAME)";
				SWIFT_VERSION = 5.0;
				TARGETED_DEVICE_FAMILY = "1,2";
				TEST_HOST = "$(BUILT_PRODUCTS_DIR)/RibsDog.app/RibsDog";
			};
			name = Debug;
		};
		6DEB2EE6257B569500B99C37 /* Release */ = {
			isa = XCBuildConfiguration;
			baseConfigurationReference = DE6A96DA2F8EBCE5394291ED /* Pods-RibsDogTests.release.xcconfig */;
			buildSettings = {
				ALWAYS_EMBED_SWIFT_STANDARD_LIBRARIES = YES;
				BUNDLE_LOADER = "$(TEST_HOST)";
				CODE_SIGN_STYLE = Automatic;
				DEVELOPMENT_TEAM = 8CABCZMNNS;
				INFOPLIST_FILE = RibsDogTests/Info.plist;
				IPHONEOS_DEPLOYMENT_TARGET = 14.2;
				LD_RUNPATH_SEARCH_PATHS = (
					"$(inherited)",
					"@executable_path/Frameworks",
					"@loader_path/Frameworks",
				);
				ONLY_ACTIVE_ARCH = NO;
				PRODUCT_BUNDLE_IDENTIFIER = com.nyon.RibsDogTests;
				PRODUCT_NAME = "$(TARGET_NAME)";
				SWIFT_VERSION = 5.0;
				TARGETED_DEVICE_FAMILY = "1,2";
				TEST_HOST = "$(BUILT_PRODUCTS_DIR)/RibsDog.app/RibsDog";
			};
			name = Release;
		};
		6DEB2EE8257B569500B99C37 /* Debug */ = {
			isa = XCBuildConfiguration;
			baseConfigurationReference = 77DC73E52E535E14BA6E9C35 /* Pods-RibsDog-RibsDogUITests.debug.xcconfig */;
			buildSettings = {
				ALWAYS_EMBED_SWIFT_STANDARD_LIBRARIES = YES;
				CODE_SIGN_STYLE = Automatic;
				DEVELOPMENT_TEAM = 8CABCZMNNS;
				INFOPLIST_FILE = RibsDogUITests/Info.plist;
				LD_RUNPATH_SEARCH_PATHS = (
					"$(inherited)",
					"@executable_path/Frameworks",
					"@loader_path/Frameworks",
				);
				PRODUCT_BUNDLE_IDENTIFIER = com.nyon.RibsDogUITests;
				PRODUCT_NAME = "$(TARGET_NAME)";
				SWIFT_VERSION = 5.0;
				TARGETED_DEVICE_FAMILY = "1,2";
				TEST_TARGET_NAME = RibsDog;
			};
			name = Debug;
		};
		6DEB2EE9257B569500B99C37 /* Release */ = {
			isa = XCBuildConfiguration;
			baseConfigurationReference = A2C7A2454A192B4414DA5B7C /* Pods-RibsDog-RibsDogUITests.release.xcconfig */;
			buildSettings = {
				ALWAYS_EMBED_SWIFT_STANDARD_LIBRARIES = YES;
				CODE_SIGN_STYLE = Automatic;
				DEVELOPMENT_TEAM = 8CABCZMNNS;
				INFOPLIST_FILE = RibsDogUITests/Info.plist;
				LD_RUNPATH_SEARCH_PATHS = (
					"$(inherited)",
					"@executable_path/Frameworks",
					"@loader_path/Frameworks",
				);
				PRODUCT_BUNDLE_IDENTIFIER = com.nyon.RibsDogUITests;
				PRODUCT_NAME = "$(TARGET_NAME)";
				SWIFT_VERSION = 5.0;
				TARGETED_DEVICE_FAMILY = "1,2";
				TEST_TARGET_NAME = RibsDog;
			};
			name = Release;
		};
/* End XCBuildConfiguration section */

/* Begin XCConfigurationList section */
		6DEB2EAF257B569400B99C37 /* Build configuration list for PBXProject "RibsDog" */ = {
			isa = XCConfigurationList;
			buildConfigurations = (
				6DEB2EDF257B569500B99C37 /* Debug */,
				6DEB2EE0257B569500B99C37 /* Release */,
			);
			defaultConfigurationIsVisible = 0;
			defaultConfigurationName = Release;
		};
		6DEB2EE1257B569500B99C37 /* Build configuration list for PBXNativeTarget "RibsDog" */ = {
			isa = XCConfigurationList;
			buildConfigurations = (
				6DEB2EE2257B569500B99C37 /* Debug */,
				6DEB2EE3257B569500B99C37 /* Release */,
			);
			defaultConfigurationIsVisible = 0;
			defaultConfigurationName = Release;
		};
		6DEB2EE4257B569500B99C37 /* Build configuration list for PBXNativeTarget "RibsDogTests" */ = {
			isa = XCConfigurationList;
			buildConfigurations = (
				6DEB2EE5257B569500B99C37 /* Debug */,
				6DEB2EE6257B569500B99C37 /* Release */,
			);
			defaultConfigurationIsVisible = 0;
			defaultConfigurationName = Release;
		};
		6DEB2EE7257B569500B99C37 /* Build configuration list for PBXNativeTarget "RibsDogUITests" */ = {
			isa = XCConfigurationList;
			buildConfigurations = (
				6DEB2EE8257B569500B99C37 /* Debug */,
				6DEB2EE9257B569500B99C37 /* Release */,
			);
			defaultConfigurationIsVisible = 0;
			defaultConfigurationName = Release;
		};
/* End XCConfigurationList section */

/* Begin XCVersionGroup section */
		6DEB2EC0257B569400B99C37 /* RibsDog.xcdatamodeld */ = {
			isa = XCVersionGroup;
			children = (
				6DEB2EC1257B569400B99C37 /* RibsDog.xcdatamodel */,
			);
			currentVersion = 6DEB2EC1257B569400B99C37 /* RibsDog.xcdatamodel */;
			path = RibsDog.xcdatamodeld;
			sourceTree = "<group>";
			versionGroupType = wrapper.xcdatamodel;
		};
/* End XCVersionGroup section */
	};
	rootObject = 6DEB2EAC257B569400B99C37 /* Project object */;
}
